<?xml version="1.0" encoding="utf-8"?>
<Project ToolsVersion="4.0" xmlns="http://schemas.microsoft.com/developer/msbuild/2003">
  <ItemGroup>
    <Filter Include="Interfaces">
      <UniqueIdentifier>{8a074502-bd4d-4fcc-a9cf-7115b4f6ec04}</UniqueIdentifier>
    </Filter>
    <Filter Include="Vehicle Files">
      <UniqueIdentifier>{65a254dc-69b9-43a6-9cbb-6da34583afc7}</UniqueIdentifier>
    </Filter>
    <Filter Include="Test System files">
      <UniqueIdentifier>{e841485f-3594-4848-8d5d-be627ec66891}</UniqueIdentifier>
    </Filter>
    <Filter Include="AI Files">
      <UniqueIdentifier>{1162f547-0d29-41ca-aec0-74f12da87fcc}</UniqueIdentifier>
    </Filter>
    <Filter Include="Helpers">
      <UniqueIdentifier>{c830e457-a70e-4376-ab00-506f0b4609e0}</UniqueIdentifier>
    </Filter>
    <Filter Include="Voice">
      <UniqueIdentifier>{a88f0585-4048-4d56-bc67-0233d5e3a53a}</UniqueIdentifier>
    </Filter>
    <Filter Include="LivePreview">
      <UniqueIdentifier>{09195d61-cf71-4618-a133-e46297997785}</UniqueIdentifier>
    </Filter>
    <Filter Include="Action Files">
      <UniqueIdentifier>{4576f25b-8d77-4373-ae70-0d1ff68f87cf}</UniqueIdentifier>
    </Filter>
    <Filter Include="Item Files">
      <UniqueIdentifier>{c70087a5-62d0-4867-9617-5f68eb802b64}</UniqueIdentifier>
    </Filter>
    <Filter Include="DebugHelpers">
      <UniqueIdentifier>{1d341fbf-9faa-4b79-8bf3-1796af8f4b88}</UniqueIdentifier>
    </Filter>
    <Filter Include="UIDraw">
      <UniqueIdentifier>{9cc43fb1-df92-4d6a-a398-b95f27935579}</UniqueIdentifier>
    </Filter>
    <Filter Include="Animation">
      <UniqueIdentifier>{5831e948-1f6b-47ab-80e3-62b8510d7cc6}</UniqueIdentifier>
    </Filter>
    <Filter Include="Animation\PoseModifier">
      <UniqueIdentifier>{98f23938-6899-4cbb-9c4f-22f2464e9c82}</UniqueIdentifier>
    </Filter>
    <Filter Include="SharedParams">
      <UniqueIdentifier>{04c06e88-1bcf-4d83-b6db-30eb59fb5760}</UniqueIdentifier>
    </Filter>
    <Filter Include="Network Files">
      <UniqueIdentifier>{8960cf49-fe5f-4ef1-8aaa-a94860912d6c}</UniqueIdentifier>
    </Filter>
  </ItemGroup>
  <ItemGroup>
    <ClInclude Include="IActionManager.h">
      <Filter>Interfaces</Filter>
    </ClInclude>
    <ClInclude Include="IActionMapManager.h">
      <Filter>Interfaces</Filter>
    </ClInclude>
    <ClInclude Include="IActionSpotManager.h">
      <Filter>Interfaces</Filter>
    </ClInclude>
    <ClInclude Include="IActorSystem.h">
      <Filter>Interfaces</Filter>
    </ClInclude>
    <ClInclude Include="IAnimatedCharacter.h">
      <Filter>Interfaces</Filter>
    </ClInclude>
    <ClInclude Include="IAnimationGraph.h">
      <Filter>Interfaces</Filter>
    </ClInclude>
    <ClInclude Include="IAnimationGraph_info.h">
      <Filter>Interfaces</Filter>
    </ClInclude>
    <ClInclude Include="IAnimationStateNode.h">
      <Filter>Interfaces</Filter>
    </ClInclude>
    <ClInclude Include="ICheckPointSystem.h">
      <Filter>Interfaces</Filter>
    </ClInclude>
    <ClInclude Include="IDeferredRaycastManager.h">
      <Filter>Interfaces</Filter>
    </ClInclude>
    <ClInclude Include="IEffectSystem.h">
      <Filter>Interfaces</Filter>
    </ClInclude>
    <ClInclude Include="IForceFeedbackSystem.h">
      <Filter>Interfaces</Filter>
    </ClInclude>
    <ClInclude Include="IGameObject.h">
      <Filter>Interfaces</Filter>
    </ClInclude>
    <ClInclude Include="IGameObjectSystem.h">
      <Filter>Interfaces</Filter>
    </ClInclude>
    <ClInclude Include="IGameplayRecorder.h">
      <Filter>Interfaces</Filter>
    </ClInclude>
    <ClInclude Include="IGameRulesSystem.h">
      <Filter>Interfaces</Filter>
    </ClInclude>
    <ClInclude Include="IInteractor.h">
      <Filter>Interfaces</Filter>
    </ClInclude>
    <ClInclude Include="IItem.h">
      <Filter>Interfaces</Filter>
    </ClInclude>
    <ClInclude Include="IItemSystem.h">
      <Filter>Interfaces</Filter>
    </ClInclude>
    <ClInclude Include="ILevelSystem.h">
      <Filter>Interfaces</Filter>
    </ClInclude>
    <ClInclude Include="ILoadGame.h">
      <Filter>Interfaces</Filter>
    </ClInclude>
    <ClInclude Include="IMetadataRecorder.h">
      <Filter>Interfaces</Filter>
    </ClInclude>
    <ClInclude Include="IMovementController.h">
      <Filter>Interfaces</Filter>
    </ClInclude>
    <ClInclude Include="IPlayerProfiles.h">
      <Filter>Interfaces</Filter>
    </ClInclude>
    <ClInclude Include="IRangeSignaling.h">
      <Filter>Interfaces</Filter>
    </ClInclude>
    <ClInclude Include="ISaveGame.h">
      <Filter>Interfaces</Filter>
    </ClInclude>
    <ClInclude Include="ISharedParamsManager.h">
      <Filter>Interfaces</Filter>
    </ClInclude>
    <ClInclude Include="ISubtitleManager.h">
      <Filter>Interfaces</Filter>
    </ClInclude>
    <ClInclude Include="IUIDraw.h">
      <Filter>Interfaces</Filter>
    </ClInclude>
    <ClInclude Include="IVehicleSystem.h">
      <Filter>Interfaces</Filter>
    </ClInclude>
    <ClInclude Include="IViewSystem.h">
      <Filter>Interfaces</Filter>
    </ClInclude>
    <ClInclude Include="IWeapon.h">
      <Filter>Interfaces</Filter>
    </ClInclude>
    <ClInclude Include="IWorldQuery.h">
      <Filter>Interfaces</Filter>
    </ClInclude>
    <ClInclude Include="VehicleSystem\VehicleModificationParams.h">
      <Filter>Vehicle Files</Filter>
    </ClInclude>
    <ClInclude Include="VehicleSystem\VehicleParams.h">
      <Filter>Vehicle Files</Filter>
    </ClInclude>
    <ClInclude Include="TestSystem\IGameStateRecorder.h">
      <Filter>Test System files</Filter>
    </ClInclude>
    <ClInclude Include="ICachedAIValues.h">
      <Filter>AI Files</Filter>
    </ClInclude>
    <ClInclude Include="ReadabilitySound.h">
      <Filter>AI Files</Filter>
    </ClInclude>
    <ClInclude Include="Network\NetActionSync.h">
      <Filter>Helpers</Filter>
    </ClInclude>
    <ClInclude Include="Network\VoiceListener.h">
      <Filter>Voice</Filter>
    </ClInclude>
    <ClInclude Include="LivePreview\RealtimeRemoteUpdate.h">
      <Filter>LivePreview</Filter>
    </ClInclude>
    <ClInclude Include="ActionMapManager.h">
      <Filter>Action Files</Filter>
    </ClInclude>
    <ClInclude Include="Inventory.h">
      <Filter>Item Files</Filter>
    </ClInclude>
    <ClInclude Include="ItemParams.h">
      <Filter>Item Files</Filter>
    </ClInclude>
    <ClInclude Include="PersistantDebug.h">
      <Filter>DebugHelpers</Filter>
    </ClInclude>
    <ClInclude Include="UIDraw\UIDraw.h">
      <Filter>UIDraw</Filter>
    </ClInclude>
    <ClInclude Include="Animation\PoseModifier\ILeanPoseModifier.h">
      <Filter>Animation\PoseModifier</Filter>
    </ClInclude>
    <ClInclude Include="Animation\PoseModifier\LookAtSimple.h">
      <Filter>Animation\PoseModifier</Filter>
    </ClInclude>
    <ClInclude Include="SharedParams\ISharedParams.h">
      <Filter>SharedParams</Filter>
    </ClInclude>
    <ClInclude Include="SharedParams\SharedParamsManager.h">
      <Filter>SharedParams</Filter>
    </ClInclude>
    <ClInclude Include="SharedParams\SharedParamsTypeInfo.h">
      <Filter>SharedParams</Filter>
    </ClInclude>
    <ClInclude Include="Network\SerializeBits.h">
      <Filter>Network Files</Filter>
    </ClInclude>
    <ClInclude Include="Network\SerializeDirHelper.h">
      <Filter>Network Files</Filter>
    </ClInclude>
    <ClInclude Include="CryAction.h" />
  </ItemGroup>
</Project>