Microsoft Visual Studio Solution File, Format Version 11.00
# Visual Studio 2010
Project("{8BC9CEB8-8B4A-11D0-8D11-00A0C91BC942}") = "GameDll", "SampleGame\GameDll\GameDll.vcxproj", "{2EB52047-0A81-4343-B703-DF221CA5CC2A}"
	ProjectSection(ProjectDependencies) = postProject
		{4A7993B3-6611-4D9D-B8AB-836D6C27B12B} = {4A7993B3-6611-4D9D-B8AB-836D6C27B12B}
	EndProjectSection
EndProject
Project("{8BC9CEB8-8B4A-11D0-8D11-00A0C91BC942}") = "CryAction", "SDKs\CryAction\CryActionHeaders.vcxproj", "{498187B3-E46F-45FA-A202-992AE9FDA01A}"
EndProject
Project("{8BC9CEB8-8B4A-11D0-8D11-00A0C91BC942}") = "CryCommon", "SDKs\CryCommon\CryCommon.vcxproj", "{AEB958D4-45CA-478B-BA8E-D0E897CE974B}"
EndProject
Project("{FAE04EC0-301F-11D3-BF4B-00C04F79EFBC}") = "CryGameLibrary", "SampleGame\CryGameLibrary\CryGameLibrary.csproj", "{F95F543D-A167-4505-A157-AA969A60BF41}"
EndProject
Project("{2150E333-8FDC-42A3-9474-1A3956D46DE8}") = "Managed", "Managed", "{88B195D3-97D5-40F0-83A5-68ADE5027E5A}"
EndProject
Project("{FAE04EC0-301F-11D3-BF4B-00C04F79EFBC}") = "CryBrary", "BaseClassLibrary\CryBrary.csproj", "{4A7993B3-6611-4D9D-B8AB-836D6C27B12B}"
	ProjectSection(ProjectDependencies) = postProject
		{F95F543D-A167-4505-A157-AA969A60BF41} = {F95F543D-A167-4505-A157-AA969A60BF41}
	EndProjectSection
EndProject
Global
	GlobalSection(SolutionConfigurationPlatforms) = preSolution
		Debug|Win32 = Debug|Win32
		Debug|x64 = Debug|x64
		Profile|Win32 = Profile|Win32
		Profile|x64 = Profile|x64
		Release|Win32 = Release|Win32
		Release|x64 = Release|x64
	EndGlobalSection
	GlobalSection(ProjectConfigurationPlatforms) = postSolution
		{2EB52047-0A81-4343-B703-DF221CA5CC2A}.Debug|Win32.ActiveCfg = Debug|Win32
		{2EB52047-0A81-4343-B703-DF221CA5CC2A}.Debug|Win32.Build.0 = Debug|Win32
		{2EB52047-0A81-4343-B703-DF221CA5CC2A}.Debug|x64.ActiveCfg = Debug|x64
		{2EB52047-0A81-4343-B703-DF221CA5CC2A}.Debug|x64.Build.0 = Debug|x64
		{2EB52047-0A81-4343-B703-DF221CA5CC2A}.Profile|Win32.ActiveCfg = Profile|Win32
		{2EB52047-0A81-4343-B703-DF221CA5CC2A}.Profile|Win32.Build.0 = Profile|Win32
		{2EB52047-0A81-4343-B703-DF221CA5CC2A}.Profile|x64.ActiveCfg = Profile|x64
		{2EB52047-0A81-4343-B703-DF221CA5CC2A}.Profile|x64.Build.0 = Profile|x64
		{2EB52047-0A81-4343-B703-DF221CA5CC2A}.Release|Win32.ActiveCfg = Release|Win32
		{2EB52047-0A81-4343-B703-DF221CA5CC2A}.Release|Win32.Build.0 = Release|Win32
		{2EB52047-0A81-4343-B703-DF221CA5CC2A}.Release|x64.ActiveCfg = Release|x64
		{2EB52047-0A81-4343-B703-DF221CA5CC2A}.Release|x64.Build.0 = Release|x64
		{498187B3-E46F-45FA-A202-992AE9FDA01A}.Debug|Win32.ActiveCfg = Debug|Win32
		{498187B3-E46F-45FA-A202-992AE9FDA01A}.Debug|x64.ActiveCfg = Debug|Win32
		{498187B3-E46F-45FA-A202-992AE9FDA01A}.Profile|Win32.ActiveCfg = Profile|Win32
		{498187B3-E46F-45FA-A202-992AE9FDA01A}.Profile|Win32.Build.0 = Profile|Win32
		{498187B3-E46F-45FA-A202-992AE9FDA01A}.Profile|x64.ActiveCfg = Profile|Win32
		{498187B3-E46F-45FA-A202-992AE9FDA01A}.Release|Win32.ActiveCfg = Release|Win32
		{498187B3-E46F-45FA-A202-992AE9FDA01A}.Release|Win32.Build.0 = Release|Win32
		{498187B3-E46F-45FA-A202-992AE9FDA01A}.Release|x64.ActiveCfg = Release|Win32
		{AEB958D4-45CA-478B-BA8E-D0E897CE974B}.Debug|Win32.ActiveCfg = Debug|Win32
		{AEB958D4-45CA-478B-BA8E-D0E897CE974B}.Debug|x64.ActiveCfg = Debug|Win32
		{AEB958D4-45CA-478B-BA8E-D0E897CE974B}.Profile|Win32.ActiveCfg = Profile|Win32
		{AEB958D4-45CA-478B-BA8E-D0E897CE974B}.Profile|Win32.Build.0 = Profile|Win32
		{AEB958D4-45CA-478B-BA8E-D0E897CE974B}.Profile|x64.ActiveCfg = Profile|Win32
		{AEB958D4-45CA-478B-BA8E-D0E897CE974B}.Release|Win32.ActiveCfg = Release|Win32
		{AEB958D4-45CA-478B-BA8E-D0E897CE974B}.Release|Win32.Build.0 = Release|Win32
		{AEB958D4-45CA-478B-BA8E-D0E897CE974B}.Release|x64.ActiveCfg = Release|Win32
		{F95F543D-A167-4505-A157-AA969A60BF41}.Debug|Win32.ActiveCfg = Debug|x86
		{F95F543D-A167-4505-A157-AA969A60BF41}.Debug|Win32.Build.0 = Debug|x86
		{F95F543D-A167-4505-A157-AA969A60BF41}.Debug|x64.ActiveCfg = Debug|x64
		{F95F543D-A167-4505-A157-AA969A60BF41}.Debug|x64.Build.0 = Debug|x64
		{F95F543D-A167-4505-A157-AA969A60BF41}.Profile|Win32.ActiveCfg = Release|x86
		{F95F543D-A167-4505-A157-AA969A60BF41}.Profile|Win32.Build.0 = Release|x86
		{F95F543D-A167-4505-A157-AA969A60BF41}.Profile|x64.ActiveCfg = Release|x64
		{F95F543D-A167-4505-A157-AA969A60BF41}.Profile|x64.Build.0 = Release|x64
		{F95F543D-A167-4505-A157-AA969A60BF41}.Release|Win32.ActiveCfg = Release|x86
		{F95F543D-A167-4505-A157-AA969A60BF41}.Release|Win32.Build.0 = Release|x86
		{F95F543D-A167-4505-A157-AA969A60BF41}.Release|x64.ActiveCfg = Release|x64
		{F95F543D-A167-4505-A157-AA969A60BF41}.Release|x64.Build.0 = Release|x64
		{4A7993B3-6611-4D9D-B8AB-836D6C27B12B}.Debug|Win32.ActiveCfg = Debug|Any CPU
		{4A7993B3-6611-4D9D-B8AB-836D6C27B12B}.Debug|Win32.Build.0 = Debug|Any CPU
		{4A7993B3-6611-4D9D-B8AB-836D6C27B12B}.Debug|x64.ActiveCfg = Debug|x64
		{4A7993B3-6611-4D9D-B8AB-836D6C27B12B}.Debug|x64.Build.0 = Debug|x64
		{4A7993B3-6611-4D9D-B8AB-836D6C27B12B}.Profile|Win32.ActiveCfg = Profile|Any CPU
		{4A7993B3-6611-4D9D-B8AB-836D6C27B12B}.Profile|Win32.Build.0 = Profile|Any CPU
		{4A7993B3-6611-4D9D-B8AB-836D6C27B12B}.Profile|x64.ActiveCfg = Profile|x64
		{4A7993B3-6611-4D9D-B8AB-836D6C27B12B}.Profile|x64.Build.0 = Profile|x64
		{4A7993B3-6611-4D9D-B8AB-836D6C27B12B}.Release|Win32.ActiveCfg = Release|Any CPU
		{4A7993B3-6611-4D9D-B8AB-836D6C27B12B}.Release|Win32.Build.0 = Release|Any CPU
		{4A7993B3-6611-4D9D-B8AB-836D6C27B12B}.Release|x64.ActiveCfg = Release|x64
		{4A7993B3-6611-4D9D-B8AB-836D6C27B12B}.Release|x64.Build.0 = Release|x64
	EndGlobalSection
	GlobalSection(SolutionProperties) = preSolution
		HideSolutionNode = FALSE
	EndGlobalSection
	GlobalSection(NestedProjects) = preSolution
		{F95F543D-A167-4505-A157-AA969A60BF41} = {88B195D3-97D5-40F0-83A5-68ADE5027E5A}
		{4A7993B3-6611-4D9D-B8AB-836D6C27B12B} = {88B195D3-97D5-40F0-83A5-68ADE5027E5A}
	EndGlobalSection
	GlobalSection(ExtensibilityGlobals) = postSolution
		DPBuild = 5
	EndGlobalSection
	GlobalSection(DevPartner Solution Properties) = postSolution
	EndGlobalSection
	GlobalSection(DevPartner) = postSolution
	EndGlobalSection
	GlobalSection(DevPartner) = postSolution
	EndGlobalSection
	GlobalSection(DevPartner) = postSolution
	EndGlobalSection
	GlobalSection(DevPartner) = postSolution
	EndGlobalSection
	GlobalSection(DevPartner) = postSolution
	EndGlobalSection
	GlobalSection(DevPartner) = postSolution
	EndGlobalSection
	GlobalSection(DevPartner) = postSolution
	EndGlobalSection
	GlobalSection(DevPartner) = postSolution
	EndGlobalSection
	GlobalSection(DevPartner) = postSolution
	EndGlobalSection
	GlobalSection(DevPartner) = postSolution
	EndGlobalSection
	GlobalSection(DevPartner) = postSolution
	EndGlobalSection
	GlobalSection(DevPartner) = postSolution
	EndGlobalSection
	GlobalSection(DevPartner) = postSolution
	EndGlobalSection
	GlobalSection(DevPartner) = postSolution
	EndGlobalSection
	GlobalSection(DevPartner) = postSolution
	EndGlobalSection
	GlobalSection(DevPartner) = postSolution
	EndGlobalSection
	GlobalSection(DevPartner) = postSolution
	EndGlobalSection
EndGlobal
