Microsoft Visual Studio Solution File, Format Version 11.00
# Visual Studio 2010
Project("{8BC9CEB8-8B4A-11D0-8D11-00A0C91BC942}") = "GameDll", "SampleGame\GameDll\GameDll.vcxproj", "{2EB52047-0A81-4343-B703-DF221CA5CC2A}"
EndProject
Project("{8BC9CEB8-8B4A-11D0-8D11-00A0C91BC942}") = "CryAction", "SDKs\CryAction\CryActionHeaders.vcxproj", "{498187B3-E46F-45FA-A202-992AE9FDA01A}"
EndProject
Project("{8BC9CEB8-8B4A-11D0-8D11-00A0C91BC942}") = "CryCommon", "SDKs\CryCommon\CryCommon.vcxproj", "{AEB958D4-45CA-478B-BA8E-D0E897CE974B}"
EndProject
Project("{2150E333-8FDC-42A3-9474-1A3956D46DE8}") = "Managed", "Managed", "{88B195D3-97D5-40F0-83A5-68ADE5027E5A}"
EndProject
Project("{FAE04EC0-301F-11D3-BF4B-00C04F79EFBC}") = "CryGameCode", "SampleGame\Game\Scripts\CryGameCode.csproj", "{11564500-9662-485F-889A-089D34FDB32E}"
EndProject
Global
	GlobalSection(SolutionConfigurationPlatforms) = preSolution
		Debug|Win32 = Debug|Win32
		Debug|x64 = Debug|x64
		Debug|x86 = Debug|x86
		Profile|Win32 = Profile|Win32
		Profile|x64 = Profile|x64
		Profile|x86 = Profile|x86
		Release|Win32 = Release|Win32
		Release|x64 = Release|x64
		Release|x86 = Release|x86
	EndGlobalSection
	GlobalSection(ProjectConfigurationPlatforms) = postSolution
		{2EB52047-0A81-4343-B703-DF221CA5CC2A}.Debug|Win32.ActiveCfg = Debug|Win32
		{2EB52047-0A81-4343-B703-DF221CA5CC2A}.Debug|Win32.Build.0 = Debug|Win32
		{2EB52047-0A81-4343-B703-DF221CA5CC2A}.Debug|x64.ActiveCfg = Debug|x64
		{2EB52047-0A81-4343-B703-DF221CA5CC2A}.Debug|x64.Build.0 = Debug|x64
		{2EB52047-0A81-4343-B703-DF221CA5CC2A}.Debug|x86.ActiveCfg = Debug|x64
		{2EB52047-0A81-4343-B703-DF221CA5CC2A}.Profile|Win32.ActiveCfg = Profile|Win32
		{2EB52047-0A81-4343-B703-DF221CA5CC2A}.Profile|Win32.Build.0 = Profile|Win32
		{2EB52047-0A81-4343-B703-DF221CA5CC2A}.Profile|x64.ActiveCfg = Profile|x64
		{2EB52047-0A81-4343-B703-DF221CA5CC2A}.Profile|x64.Build.0 = Profile|x64
		{2EB52047-0A81-4343-B703-DF221CA5CC2A}.Profile|x86.ActiveCfg = Profile|x64
		{2EB52047-0A81-4343-B703-DF221CA5CC2A}.Release|Win32.ActiveCfg = Release|Win32
		{2EB52047-0A81-4343-B703-DF221CA5CC2A}.Release|Win32.Build.0 = Release|Win32
		{2EB52047-0A81-4343-B703-DF221CA5CC2A}.Release|x64.ActiveCfg = Release|x64
		{2EB52047-0A81-4343-B703-DF221CA5CC2A}.Release|x64.Build.0 = Release|x64
		{2EB52047-0A81-4343-B703-DF221CA5CC2A}.Release|x86.ActiveCfg = Release|x64
		{498187B3-E46F-45FA-A202-992AE9FDA01A}.Debug|Win32.ActiveCfg = Debug|Win32
		{498187B3-E46F-45FA-A202-992AE9FDA01A}.Debug|x64.ActiveCfg = Debug|Win32
		{498187B3-E46F-45FA-A202-992AE9FDA01A}.Debug|x86.ActiveCfg = Debug|x64
		{498187B3-E46F-45FA-A202-992AE9FDA01A}.Profile|Win32.ActiveCfg = Profile|Win32
		{498187B3-E46F-45FA-A202-992AE9FDA01A}.Profile|Win32.Build.0 = Profile|Win32
		{498187B3-E46F-45FA-A202-992AE9FDA01A}.Profile|x64.ActiveCfg = Profile|Win32
		{498187B3-E46F-45FA-A202-992AE9FDA01A}.Profile|x86.ActiveCfg = Profile|x64
		{498187B3-E46F-45FA-A202-992AE9FDA01A}.Release|Win32.ActiveCfg = Release|Win32
		{498187B3-E46F-45FA-A202-992AE9FDA01A}.Release|Win32.Build.0 = Release|Win32
		{498187B3-E46F-45FA-A202-992AE9FDA01A}.Release|x64.ActiveCfg = Release|Win32
		{498187B3-E46F-45FA-A202-992AE9FDA01A}.Release|x86.ActiveCfg = Release|x64
		{AEB958D4-45CA-478B-BA8E-D0E897CE974B}.Debug|Win32.ActiveCfg = Debug|Win32
		{AEB958D4-45CA-478B-BA8E-D0E897CE974B}.Debug|x64.ActiveCfg = Debug|Win32
		{AEB958D4-45CA-478B-BA8E-D0E897CE974B}.Debug|x86.ActiveCfg = Debug|x64
		{AEB958D4-45CA-478B-BA8E-D0E897CE974B}.Profile|Win32.ActiveCfg = Profile|Win32
		{AEB958D4-45CA-478B-BA8E-D0E897CE974B}.Profile|Win32.Build.0 = Profile|Win32
		{AEB958D4-45CA-478B-BA8E-D0E897CE974B}.Profile|x64.ActiveCfg = Profile|Win32
		{AEB958D4-45CA-478B-BA8E-D0E897CE974B}.Profile|x86.ActiveCfg = Profile|x64
		{AEB958D4-45CA-478B-BA8E-D0E897CE974B}.Release|Win32.ActiveCfg = Release|Win32
		{AEB958D4-45CA-478B-BA8E-D0E897CE974B}.Release|Win32.Build.0 = Release|Win32
		{AEB958D4-45CA-478B-BA8E-D0E897CE974B}.Release|x64.ActiveCfg = Release|Win32
		{AEB958D4-45CA-478B-BA8E-D0E897CE974B}.Release|x86.ActiveCfg = Release|x64
		{11564500-9662-485F-889A-089D34FDB32E}.Debug|Win32.ActiveCfg = Debug|x64
		{11564500-9662-485F-889A-089D34FDB32E}.Debug|x64.ActiveCfg = Debug|x64
		{11564500-9662-485F-889A-089D34FDB32E}.Debug|x64.Build.0 = Debug|x64
		{11564500-9662-485F-889A-089D34FDB32E}.Debug|x86.ActiveCfg = Debug|x86
		{11564500-9662-485F-889A-089D34FDB32E}.Debug|x86.Build.0 = Debug|x86
		{11564500-9662-485F-889A-089D34FDB32E}.Profile|Win32.ActiveCfg = Release|x64
		{11564500-9662-485F-889A-089D34FDB32E}.Profile|x64.ActiveCfg = Release|x64
		{11564500-9662-485F-889A-089D34FDB32E}.Profile|x64.Build.0 = Release|x64
		{11564500-9662-485F-889A-089D34FDB32E}.Profile|x86.ActiveCfg = Release|x64
		{11564500-9662-485F-889A-089D34FDB32E}.Release|Win32.ActiveCfg = Release|x64
		{11564500-9662-485F-889A-089D34FDB32E}.Release|x64.ActiveCfg = Release|x64
		{11564500-9662-485F-889A-089D34FDB32E}.Release|x64.Build.0 = Release|x64
		{11564500-9662-485F-889A-089D34FDB32E}.Release|x86.ActiveCfg = Release|x86
		{11564500-9662-485F-889A-089D34FDB32E}.Release|x86.Build.0 = Release|x86
	EndGlobalSection
	GlobalSection(SolutionProperties) = preSolution
		HideSolutionNode = FALSE
	EndGlobalSection
	GlobalSection(NestedProjects) = preSolution
		{11564500-9662-485F-889A-089D34FDB32E} = {88B195D3-97D5-40F0-83A5-68ADE5027E5A}
	EndGlobalSection
	GlobalSection(ExtensibilityGlobals) = postSolution
		DPBuild = 5
	EndGlobalSection
	GlobalSection(DevPartner Solution Properties) = postSolution
	EndGlobalSection
	GlobalSection(DevPartner) = postSolution
	EndGlobalSection
	GlobalSection(DevPartner) = postSolution
	EndGlobalSection
	GlobalSection(DevPartner) = postSolution
	EndGlobalSection
	GlobalSection(DevPartner) = postSolution
	EndGlobalSection
	GlobalSection(DevPartner) = postSolution
	EndGlobalSection
	GlobalSection(DevPartner) = postSolution
	EndGlobalSection
	GlobalSection(DevPartner) = postSolution
	EndGlobalSection
	GlobalSection(DevPartner) = postSolution
	EndGlobalSection
	GlobalSection(DevPartner) = postSolution
	EndGlobalSection
	GlobalSection(DevPartner) = postSolution
	EndGlobalSection
	GlobalSection(DevPartner) = postSolution
	EndGlobalSection
	GlobalSection(DevPartner) = postSolution
	EndGlobalSection
	GlobalSection(DevPartner) = postSolution
	EndGlobalSection
	GlobalSection(DevPartner) = postSolution
	EndGlobalSection
	GlobalSection(DevPartner) = postSolution
	EndGlobalSection
	GlobalSection(DevPartner) = postSolution
	EndGlobalSection
	GlobalSection(DevPartner) = postSolution
	EndGlobalSection
EndGlobal
