
Microsoft Visual Studio Solution File, Format Version 11.00
# Visual Studio 2010
Project("{FAE04EC0-301F-11D3-BF4B-00C04F79EFBC}") = "CryGameCode", "CryGameCode.csproj", "{11564500-9662-485F-889A-089D34FDB32E}"
EndProject
Global
	GlobalSection(SolutionConfigurationPlatforms) = preSolution
		Debug|x64 = Debug|x64
		Debug|x86 = Debug|x86
		Release|x64 = Release|x64
		Release|x86 = Release|x86
	EndGlobalSection
	GlobalSection(ProjectConfigurationPlatforms) = postSolution
		{11564500-9662-485F-889A-089D34FDB32E}.Debug|x64.ActiveCfg = Debug|x64
		{11564500-9662-485F-889A-089D34FDB32E}.Debug|x64.Build.0 = Debug|x64
		{11564500-9662-485F-889A-089D34FDB32E}.Debug|x86.ActiveCfg = Debug|x86
		{11564500-9662-485F-889A-089D34FDB32E}.Debug|x86.Build.0 = Debug|x86
		{11564500-9662-485F-889A-089D34FDB32E}.Release|x64.ActiveCfg = Release|x64
		{11564500-9662-485F-889A-089D34FDB32E}.Release|x64.Build.0 = Release|x64
		{11564500-9662-485F-889A-089D34FDB32E}.Release|x86.ActiveCfg = Release|x86
		{11564500-9662-485F-889A-089D34FDB32E}.Release|x86.Build.0 = Release|x86
	EndGlobalSection
	GlobalSection(SolutionProperties) = preSolution
		HideSolutionNode = FALSE
	EndGlobalSection
	GlobalSection(MonoDevelopProperties) = preSolution
		StartupItem = CryGameCode.csproj
		Policies = $0
		$0.DotNetNamingPolicy = $1
		$1.DirectoryNamespaceAssociation = None
		$1.ResourceNamePolicy = FileFormatDefault
		$0.VersionControlPolicy = $2
		$2.inheritsSet = Mono
	EndGlobalSection
EndGlobal
