Microsoft Visual Studio Solution File, Format Version 11.00
# Visual Studio 2010
Project("{FAE04EC0-301F-11D3-BF4B-00C04F79EFBC}") = "CryBrary", "..\CryBrary\CryBrary.csproj", "{4A7993B3-6611-4D9D-B8AB-836D6C27B12B}"
EndProject
Project("{FAE04EC0-301F-11D3-BF4B-00C04F79EFBC}") = "CryBrary.Tests", "..\CryBrary.Tests\CryBrary.Tests.csproj", "{25588172-6725-4C61-8CE5-3799FA125533}"
EndProject
Global
	GlobalSection(SolutionConfigurationPlatforms) = preSolution
		Debug|x64 = Debug|x64
		Debug|x86 = Debug|x86
		Profile|x64 = Profile|x64
		Profile|x86 = Profile|x86
		Release|x64 = Release|x64
		Release|x86 = Release|x86
	EndGlobalSection
	GlobalSection(ProjectConfigurationPlatforms) = postSolution
		{4A7993B3-6611-4D9D-B8AB-836D6C27B12B}.Debug|x64.ActiveCfg = Debug|x64
		{4A7993B3-6611-4D9D-B8AB-836D6C27B12B}.Debug|x64.Build.0 = Debug|x64
		{4A7993B3-6611-4D9D-B8AB-836D6C27B12B}.Debug|x86.ActiveCfg = Debug|x86
		{4A7993B3-6611-4D9D-B8AB-836D6C27B12B}.Debug|x86.Build.0 = Debug|x86
		{4A7993B3-6611-4D9D-B8AB-836D6C27B12B}.Profile|x64.ActiveCfg = Profile|x64
		{4A7993B3-6611-4D9D-B8AB-836D6C27B12B}.Profile|x64.Build.0 = Profile|x64
		{4A7993B3-6611-4D9D-B8AB-836D6C27B12B}.Profile|x86.ActiveCfg = Profile|x86
		{4A7993B3-6611-4D9D-B8AB-836D6C27B12B}.Profile|x86.Build.0 = Profile|x86
		{4A7993B3-6611-4D9D-B8AB-836D6C27B12B}.Release|x64.ActiveCfg = Release|x64
		{4A7993B3-6611-4D9D-B8AB-836D6C27B12B}.Release|x64.Build.0 = Release|x64
		{4A7993B3-6611-4D9D-B8AB-836D6C27B12B}.Release|x86.ActiveCfg = Release|x86
		{4A7993B3-6611-4D9D-B8AB-836D6C27B12B}.Release|x86.Build.0 = Release|x86
		{25588172-6725-4C61-8CE5-3799FA125533}.Debug|x64.ActiveCfg = Debug|Any CPU
		{25588172-6725-4C61-8CE5-3799FA125533}.Debug|x64.Build.0 = Debug|Any CPU
		{25588172-6725-4C61-8CE5-3799FA125533}.Debug|x86.ActiveCfg = Debug|Any CPU
		{25588172-6725-4C61-8CE5-3799FA125533}.Debug|x86.Build.0 = Debug|Any CPU
		{25588172-6725-4C61-8CE5-3799FA125533}.Profile|x64.ActiveCfg = Profile|Any CPU
		{25588172-6725-4C61-8CE5-3799FA125533}.Profile|x64.Build.0 = Profile|Any CPU
		{25588172-6725-4C61-8CE5-3799FA125533}.Profile|x86.ActiveCfg = Profile|Any CPU
		{25588172-6725-4C61-8CE5-3799FA125533}.Profile|x86.Build.0 = Profile|Any CPU
		{25588172-6725-4C61-8CE5-3799FA125533}.Release|x64.ActiveCfg = Release|Any CPU
		{25588172-6725-4C61-8CE5-3799FA125533}.Release|x64.Build.0 = Release|Any CPU
		{25588172-6725-4C61-8CE5-3799FA125533}.Release|x86.ActiveCfg = Release|Any CPU
		{25588172-6725-4C61-8CE5-3799FA125533}.Release|x86.Build.0 = Release|Any CPU
	EndGlobalSection
	GlobalSection(SolutionProperties) = preSolution
		HideSolutionNode = FALSE
	EndGlobalSection
	GlobalSection(ExtensibilityGlobals) = postSolution
		DPBuild = 5
	EndGlobalSection
	GlobalSection(DevPartner Solution Properties) = postSolution
	EndGlobalSection
	GlobalSection(DevPartner) = postSolution
	EndGlobalSection
	GlobalSection(DevPartner) = postSolution
	EndGlobalSection
	GlobalSection(DevPartner) = postSolution
	EndGlobalSection
	GlobalSection(DevPartner) = postSolution
	EndGlobalSection
	GlobalSection(DevPartner) = postSolution
	EndGlobalSection
	GlobalSection(DevPartner) = postSolution
	EndGlobalSection
	GlobalSection(DevPartner) = postSolution
	EndGlobalSection
	GlobalSection(DevPartner) = postSolution
	EndGlobalSection
	GlobalSection(DevPartner) = postSolution
	EndGlobalSection
	GlobalSection(DevPartner) = postSolution
	EndGlobalSection
	GlobalSection(DevPartner) = postSolution
	EndGlobalSection
	GlobalSection(DevPartner) = postSolution
	EndGlobalSection
	GlobalSection(DevPartner) = postSolution
	EndGlobalSection
	GlobalSection(DevPartner) = postSolution
	EndGlobalSection
	GlobalSection(DevPartner) = postSolution
	EndGlobalSection
	GlobalSection(DevPartner) = postSolution
	EndGlobalSection
	GlobalSection(DevPartner) = postSolution
	EndGlobalSection
EndGlobal
