Microsoft Visual Studio Solution File, Format Version 12.00
# Visual Studio 2012
Project("{8BC9CEB8-8B4A-11D0-8D11-00A0C91BC942}") = "CryMono", "..\MonoDll\CryMono.vcxproj", "{B41C810B-A08F-4AFD-8E68-D4D7ABA39044}"
	ProjectSection(ProjectDependencies) = postProject
		{4A7993B3-6611-4D9D-B8AB-836D6C27B12B} = {4A7993B3-6611-4D9D-B8AB-836D6C27B12B}
	EndProjectSection
EndProject
Project("{FAE04EC0-301F-11D3-BF4B-00C04F79EFBC}") = "CryBrary", "..\CryBrary\CryBrary.csproj", "{4A7993B3-6611-4D9D-B8AB-836D6C27B12B}"
EndProject
Project("{2150E333-8FDC-42A3-9474-1A3956D46DE8}") = "CryENGINE Interfaces", "CryENGINE Interfaces", "{B7E82CAA-B45D-4CF5-A700-57B7B3FE4033}"
EndProject
Project("{8BC9CEB8-8B4A-11D0-8D11-00A0C91BC942}") = "CryCommon", "..\..\CryEngine\CryCommon\CryCommon.vcxproj", "{AEB958D4-45CA-478B-BA8E-D0E897CE974B}"
EndProject
Project("{8BC9CEB8-8B4A-11D0-8D11-00A0C91BC942}") = "CryAction", "..\..\CryEngine\CryAction\CryActionHeaders.vcxproj", "{498187B3-E46F-45FA-A202-992AE9FDA01A}"
EndProject
Project("{FAE04EC0-301F-11D3-BF4B-00C04F79EFBC}") = "CryBrary.Tests", "..\CryBrary.Tests\CryBrary.Tests.csproj", "{25588172-6725-4C61-8CE5-3799FA125533}"
	ProjectSection(ProjectDependencies) = postProject
		{4A7993B3-6611-4D9D-B8AB-836D6C27B12B} = {4A7993B3-6611-4D9D-B8AB-836D6C27B12B}
	EndProjectSection
EndProject
Project("{2150E333-8FDC-42A3-9474-1A3956D46DE8}") = "Plugins", "Plugins", "{42CB6498-6C9A-49FF-A49C-8CD7C7C25EC3}"
EndProject
Project("{FAE04EC0-301F-11D3-BF4B-00C04F79EFBC}") = "NETFramework", "..\Plugins\Compilers\NetFramework\NETFramework.csproj", "{A0504507-678E-44B5-9517-F89EB8575D3F}"
EndProject
Global
	GlobalSection(SolutionConfigurationPlatforms) = preSolution
		Debug|x64 = Debug|x64
		Debug|x86 = Debug|x86
		Profile|x64 = Profile|x64
		Profile|x86 = Profile|x86
		Release|x64 = Release|x64
		Release|x86 = Release|x86
	EndGlobalSection
	GlobalSection(ProjectConfigurationPlatforms) = postSolution
		{B41C810B-A08F-4AFD-8E68-D4D7ABA39044}.Debug|x64.ActiveCfg = Debug|x64
		{B41C810B-A08F-4AFD-8E68-D4D7ABA39044}.Debug|x64.Build.0 = Debug|x64
		{B41C810B-A08F-4AFD-8E68-D4D7ABA39044}.Debug|x86.ActiveCfg = Debug|Win32
		{B41C810B-A08F-4AFD-8E68-D4D7ABA39044}.Debug|x86.Build.0 = Debug|Win32
		{B41C810B-A08F-4AFD-8E68-D4D7ABA39044}.Profile|x64.ActiveCfg = Profile|x64
		{B41C810B-A08F-4AFD-8E68-D4D7ABA39044}.Profile|x64.Build.0 = Profile|x64
		{B41C810B-A08F-4AFD-8E68-D4D7ABA39044}.Profile|x86.ActiveCfg = Profile|Win32
		{B41C810B-A08F-4AFD-8E68-D4D7ABA39044}.Profile|x86.Build.0 = Profile|Win32
		{B41C810B-A08F-4AFD-8E68-D4D7ABA39044}.Release|x64.ActiveCfg = Release|x64
		{B41C810B-A08F-4AFD-8E68-D4D7ABA39044}.Release|x64.Build.0 = Release|x64
		{B41C810B-A08F-4AFD-8E68-D4D7ABA39044}.Release|x86.ActiveCfg = Release|Win32
		{B41C810B-A08F-4AFD-8E68-D4D7ABA39044}.Release|x86.Build.0 = Release|Win32
		{4A7993B3-6611-4D9D-B8AB-836D6C27B12B}.Debug|x64.ActiveCfg = Debug|x64
		{4A7993B3-6611-4D9D-B8AB-836D6C27B12B}.Debug|x64.Build.0 = Debug|x64
		{4A7993B3-6611-4D9D-B8AB-836D6C27B12B}.Debug|x86.ActiveCfg = Debug|x86
		{4A7993B3-6611-4D9D-B8AB-836D6C27B12B}.Debug|x86.Build.0 = Debug|x86
		{4A7993B3-6611-4D9D-B8AB-836D6C27B12B}.Profile|x64.ActiveCfg = Profile|x64
		{4A7993B3-6611-4D9D-B8AB-836D6C27B12B}.Profile|x64.Build.0 = Profile|x64
		{4A7993B3-6611-4D9D-B8AB-836D6C27B12B}.Profile|x86.ActiveCfg = Profile|x86
		{4A7993B3-6611-4D9D-B8AB-836D6C27B12B}.Profile|x86.Build.0 = Profile|x86
		{4A7993B3-6611-4D9D-B8AB-836D6C27B12B}.Release|x64.ActiveCfg = Release|x64
		{4A7993B3-6611-4D9D-B8AB-836D6C27B12B}.Release|x64.Build.0 = Release|x64
		{4A7993B3-6611-4D9D-B8AB-836D6C27B12B}.Release|x86.ActiveCfg = Release|x86
		{4A7993B3-6611-4D9D-B8AB-836D6C27B12B}.Release|x86.Build.0 = Release|x86
		{AEB958D4-45CA-478B-BA8E-D0E897CE974B}.Debug|x64.ActiveCfg = Debug|x64
		{AEB958D4-45CA-478B-BA8E-D0E897CE974B}.Debug|x64.Build.0 = Debug|x64
		{AEB958D4-45CA-478B-BA8E-D0E897CE974B}.Debug|x86.ActiveCfg = Debug|Win32
		{AEB958D4-45CA-478B-BA8E-D0E897CE974B}.Debug|x86.Build.0 = Debug|Win32
		{AEB958D4-45CA-478B-BA8E-D0E897CE974B}.Profile|x64.ActiveCfg = Profile|x64
		{AEB958D4-45CA-478B-BA8E-D0E897CE974B}.Profile|x64.Build.0 = Profile|x64
		{AEB958D4-45CA-478B-BA8E-D0E897CE974B}.Profile|x86.ActiveCfg = Profile|Win32
		{AEB958D4-45CA-478B-BA8E-D0E897CE974B}.Profile|x86.Build.0 = Profile|Win32
		{AEB958D4-45CA-478B-BA8E-D0E897CE974B}.Release|x64.ActiveCfg = Release|x64
		{AEB958D4-45CA-478B-BA8E-D0E897CE974B}.Release|x64.Build.0 = Release|x64
		{AEB958D4-45CA-478B-BA8E-D0E897CE974B}.Release|x86.ActiveCfg = Release|Win32
		{AEB958D4-45CA-478B-BA8E-D0E897CE974B}.Release|x86.Build.0 = Release|Win32
		{498187B3-E46F-45FA-A202-992AE9FDA01A}.Debug|x64.ActiveCfg = Debug|x64
		{498187B3-E46F-45FA-A202-992AE9FDA01A}.Debug|x64.Build.0 = Debug|x64
		{498187B3-E46F-45FA-A202-992AE9FDA01A}.Debug|x86.ActiveCfg = Debug|Win32
		{498187B3-E46F-45FA-A202-992AE9FDA01A}.Debug|x86.Build.0 = Debug|Win32
		{498187B3-E46F-45FA-A202-992AE9FDA01A}.Profile|x64.ActiveCfg = Profile|x64
		{498187B3-E46F-45FA-A202-992AE9FDA01A}.Profile|x64.Build.0 = Profile|x64
		{498187B3-E46F-45FA-A202-992AE9FDA01A}.Profile|x86.ActiveCfg = Profile|Win32
		{498187B3-E46F-45FA-A202-992AE9FDA01A}.Profile|x86.Build.0 = Profile|Win32
		{498187B3-E46F-45FA-A202-992AE9FDA01A}.Release|x64.ActiveCfg = Release|x64
		{498187B3-E46F-45FA-A202-992AE9FDA01A}.Release|x64.Build.0 = Release|x64
		{498187B3-E46F-45FA-A202-992AE9FDA01A}.Release|x86.ActiveCfg = Release|Win32
		{498187B3-E46F-45FA-A202-992AE9FDA01A}.Release|x86.Build.0 = Release|Win32
		{25588172-6725-4C61-8CE5-3799FA125533}.Debug|x64.ActiveCfg = Debug|Any CPU
		{25588172-6725-4C61-8CE5-3799FA125533}.Debug|x64.Build.0 = Debug|Any CPU
		{25588172-6725-4C61-8CE5-3799FA125533}.Debug|x86.ActiveCfg = Debug|Any CPU
		{25588172-6725-4C61-8CE5-3799FA125533}.Debug|x86.Build.0 = Debug|Any CPU
		{25588172-6725-4C61-8CE5-3799FA125533}.Profile|x64.ActiveCfg = Profile|Any CPU
		{25588172-6725-4C61-8CE5-3799FA125533}.Profile|x64.Build.0 = Profile|Any CPU
		{25588172-6725-4C61-8CE5-3799FA125533}.Profile|x86.ActiveCfg = Profile|Any CPU
		{25588172-6725-4C61-8CE5-3799FA125533}.Profile|x86.Build.0 = Profile|Any CPU
		{25588172-6725-4C61-8CE5-3799FA125533}.Release|x64.ActiveCfg = Release|Any CPU
		{25588172-6725-4C61-8CE5-3799FA125533}.Release|x64.Build.0 = Release|Any CPU
		{25588172-6725-4C61-8CE5-3799FA125533}.Release|x86.ActiveCfg = Release|Any CPU
		{25588172-6725-4C61-8CE5-3799FA125533}.Release|x86.Build.0 = Release|Any CPU
		{A0504507-678E-44B5-9517-F89EB8575D3F}.Debug|x64.ActiveCfg = Debug|x64
		{A0504507-678E-44B5-9517-F89EB8575D3F}.Debug|x64.Build.0 = Debug|x64
		{A0504507-678E-44B5-9517-F89EB8575D3F}.Debug|x86.ActiveCfg = Debug|x86
		{A0504507-678E-44B5-9517-F89EB8575D3F}.Debug|x86.Build.0 = Debug|x86
		{A0504507-678E-44B5-9517-F89EB8575D3F}.Profile|x64.ActiveCfg = Profile|x64
		{A0504507-678E-44B5-9517-F89EB8575D3F}.Profile|x64.Build.0 = Profile|x64
		{A0504507-678E-44B5-9517-F89EB8575D3F}.Profile|x86.ActiveCfg = Profile|x86
		{A0504507-678E-44B5-9517-F89EB8575D3F}.Profile|x86.Build.0 = Profile|x86
		{A0504507-678E-44B5-9517-F89EB8575D3F}.Release|x64.ActiveCfg = Release|x64
		{A0504507-678E-44B5-9517-F89EB8575D3F}.Release|x64.Build.0 = Release|x64
		{A0504507-678E-44B5-9517-F89EB8575D3F}.Release|x86.ActiveCfg = Release|x86
		{A0504507-678E-44B5-9517-F89EB8575D3F}.Release|x86.Build.0 = Release|x86
	EndGlobalSection
	GlobalSection(SolutionProperties) = preSolution
		HideSolutionNode = FALSE
	EndGlobalSection
	GlobalSection(NestedProjects) = preSolution
		{AEB958D4-45CA-478B-BA8E-D0E897CE974B} = {B7E82CAA-B45D-4CF5-A700-57B7B3FE4033}
		{498187B3-E46F-45FA-A202-992AE9FDA01A} = {B7E82CAA-B45D-4CF5-A700-57B7B3FE4033}
		{A0504507-678E-44B5-9517-F89EB8575D3F} = {42CB6498-6C9A-49FF-A49C-8CD7C7C25EC3}
	EndGlobalSection
	GlobalSection(ExtensibilityGlobals) = postSolution
		DPBuild = 5
	EndGlobalSection
	GlobalSection(DevPartner Solution Properties) = postSolution
	EndGlobalSection
	GlobalSection(DevPartner) = postSolution
	EndGlobalSection
	GlobalSection(DevPartner) = postSolution
	EndGlobalSection
	GlobalSection(DevPartner) = postSolution
	EndGlobalSection
	GlobalSection(DevPartner) = postSolution
	EndGlobalSection
	GlobalSection(DevPartner) = postSolution
	EndGlobalSection
	GlobalSection(DevPartner) = postSolution
	EndGlobalSection
	GlobalSection(DevPartner) = postSolution
	EndGlobalSection
	GlobalSection(DevPartner) = postSolution
	EndGlobalSection
	GlobalSection(DevPartner) = postSolution
	EndGlobalSection
	GlobalSection(DevPartner) = postSolution
	EndGlobalSection
	GlobalSection(DevPartner) = postSolution
	EndGlobalSection
	GlobalSection(DevPartner) = postSolution
	EndGlobalSection
	GlobalSection(DevPartner) = postSolution
	EndGlobalSection
	GlobalSection(DevPartner) = postSolution
	EndGlobalSection
	GlobalSection(DevPartner) = postSolution
	EndGlobalSection
	GlobalSection(DevPartner) = postSolution
	EndGlobalSection
	GlobalSection(DevPartner) = postSolution
	EndGlobalSection
EndGlobal
