Microsoft Visual Studio Solution File, Format Version 12.00
# Visual Studio 2012
Project("{8BC9CEB8-8B4A-11D0-8D11-00A0C91BC942}") = "CryMono", "..\MonoDll\CryMono.vcxproj", "{B41C810B-A08F-4AFD-8E68-D4D7ABA39044}"
	ProjectSection(ProjectDependencies) = postProject
		{CB0D9E92-293C-439C-9AC7-C5F59B6E0771} = {CB0D9E92-293C-439C-9AC7-C5F59B6E0771}
		{4A7993B3-6611-4D9D-B8AB-836D6C27B12B} = {4A7993B3-6611-4D9D-B8AB-836D6C27B12B}
		{A0EDDCD9-940F-432C-A28F-7EF322437D79} = {A0EDDCD9-940F-432C-A28F-7EF322437D79}
	EndProjectSection
EndProject
Project("{FAE04EC0-301F-11D3-BF4B-00C04F79EFBC}") = "CryBrary", "..\CryBrary\CryBrary.csproj", "{4A7993B3-6611-4D9D-B8AB-836D6C27B12B}"
EndProject
Project("{2150E333-8FDC-42A3-9474-1A3956D46DE8}") = "CryENGINE Interfaces", "CryENGINE Interfaces", "{B7E82CAA-B45D-4CF5-A700-57B7B3FE4033}"
EndProject
Project("{8BC9CEB8-8B4A-11D0-8D11-00A0C91BC942}") = "CryCommon", "..\..\CryEngine\CryCommon\CryCommon.vcxproj", "{AEB958D4-45CA-478B-BA8E-D0E897CE974B}"
EndProject
Project("{8BC9CEB8-8B4A-11D0-8D11-00A0C91BC942}") = "CryAction", "..\..\CryEngine\CryAction\CryActionHeaders.vcxproj", "{498187B3-E46F-45FA-A202-992AE9FDA01A}"
EndProject
Project("{FAE04EC0-301F-11D3-BF4B-00C04F79EFBC}") = "CryBrary.Tests", "..\CryBrary.Tests\CryBrary.Tests.csproj", "{25588172-6725-4C61-8CE5-3799FA125533}"
	ProjectSection(ProjectDependencies) = postProject
		{4A7993B3-6611-4D9D-B8AB-836D6C27B12B} = {4A7993B3-6611-4D9D-B8AB-836D6C27B12B}
	EndProjectSection
EndProject
Project("{2150E333-8FDC-42A3-9474-1A3956D46DE8}") = "Plugins", "Plugins", "{42CB6498-6C9A-49FF-A49C-8CD7C7C25EC3}"
EndProject
Project("{FAE04EC0-301F-11D3-BF4B-00C04F79EFBC}") = "NETFramework", "..\Plugins\Compilers\NetFramework\NETFramework.csproj", "{A0504507-678E-44B5-9517-F89EB8575D3F}"
EndProject
Project("{2150E333-8FDC-42A3-9474-1A3956D46DE8}") = "Utils", "Utils", "{B329A376-1AD7-4107-84BE-CE94AE958B82}"
EndProject
Project("{FAE04EC0-301F-11D3-BF4B-00C04F79EFBC}") = "pdb2mdb", "..\Utils\pdb2mdb\pdb2mdb.csproj", "{EFA030F1-B5C6-410D-B217-6F40887CC8A5}"
EndProject
Project("{2150E333-8FDC-42A3-9474-1A3956D46DE8}") = "Mono", "Mono", "{4CBB8C51-B3E7-414E-93EC-1078DC4F8126}"
EndProject
Project("{8BC9CEB8-8B4A-11D0-8D11-00A0C91BC942}") = "libmonoruntime", "..\mono\msvc\libmonoruntime.vcxproj", "{C36612BD-22D3-4B95-85E2-7FDC4FC5D739}"
EndProject
Project("{8BC9CEB8-8B4A-11D0-8D11-00A0C91BC942}") = "mono", "..\mono\msvc\mono.vcxproj", "{A0EDDCD9-940F-432C-A28F-7EF322437D79}"
EndProject
Project("{2150E333-8FDC-42A3-9474-1A3956D46DE8}") = "Libraries", "Libraries", "{350F8370-E0BA-4C86-97A5-55C94BDAC365}"
EndProject
Project("{8BC9CEB8-8B4A-11D0-8D11-00A0C91BC942}") = "eglib", "..\mono\msvc\eglib.vcxproj", "{158073ED-99AE-4196-9EDC-DDB2344F8466}"
EndProject
Project("{8BC9CEB8-8B4A-11D0-8D11-00A0C91BC942}") = "libgc", "..\mono\msvc\libgc.vcxproj", "{EB56000B-C80B-4E8B-908D-D84D31B517D3}"
EndProject
Project("{8BC9CEB8-8B4A-11D0-8D11-00A0C91BC942}") = "libmono", "..\mono\msvc\libmono.vcxproj", "{CB0D9E92-293C-439C-9AC7-C5F59B6E0771}"
	ProjectSection(ProjectDependencies) = postProject
		{C36612BD-22D3-4B95-85E2-7FDC4FC5D739} = {C36612BD-22D3-4B95-85E2-7FDC4FC5D739}
		{8FC2B0C8-51AD-49DF-851F-5D01A77A75E4} = {8FC2B0C8-51AD-49DF-851F-5D01A77A75E4}
	EndProjectSection
EndProject
Project("{8BC9CEB8-8B4A-11D0-8D11-00A0C91BC942}") = "libmonoutils", "..\mono\msvc\libmonoutils.vcxproj", "{8FC2B0C8-51AD-49DF-851F-5D01A77A75E4}"
EndProject
Project("{8BC9CEB8-8B4A-11D0-8D11-00A0C91BC942}") = "monoposixhelper", "..\mono\msvc\monoposixhelper.vcxproj", "{33014734-0F46-4099-9A21-0C989E428681}"
EndProject
Project("{2150E333-8FDC-42A3-9474-1A3956D46DE8}") = "Tools", "Tools", "{739FF959-0F5D-475D-B4A2-4AE047B0382B}"
EndProject
Project("{8BC9CEB8-8B4A-11D0-8D11-00A0C91BC942}") = "genmdesc", "..\mono\msvc\genmdesc.vcxproj", "{B7098DFA-31E6-4006-8A15-1C9A4E925149}"
	ProjectSection(ProjectDependencies) = postProject
		{8FC2B0C8-51AD-49DF-851F-5D01A77A75E4} = {8FC2B0C8-51AD-49DF-851F-5D01A77A75E4}
	EndProjectSection
EndProject
Global
	GlobalSection(SolutionConfigurationPlatforms) = preSolution
		Debug|Any CPU = Debug|Any CPU
		Debug|Mixed Platforms = Debug|Mixed Platforms
		Debug|Win32 = Debug|Win32
		Debug|x64 = Debug|x64
		Debug|x86 = Debug|x86
		Profile|Any CPU = Profile|Any CPU
		Profile|Mixed Platforms = Profile|Mixed Platforms
		Profile|Win32 = Profile|Win32
		Profile|x64 = Profile|x64
		Profile|x86 = Profile|x86
		Release|Any CPU = Release|Any CPU
		Release|Mixed Platforms = Release|Mixed Platforms
		Release|Win32 = Release|Win32
		Release|x64 = Release|x64
		Release|x86 = Release|x86
		UnitTests|Any CPU = UnitTests|Any CPU
		UnitTests|Mixed Platforms = UnitTests|Mixed Platforms
		UnitTests|Win32 = UnitTests|Win32
		UnitTests|x64 = UnitTests|x64
		UnitTests|x86 = UnitTests|x86
	EndGlobalSection
	GlobalSection(ProjectConfigurationPlatforms) = postSolution
		{B41C810B-A08F-4AFD-8E68-D4D7ABA39044}.Debug|Any CPU.ActiveCfg = Debug|Win32
		{B41C810B-A08F-4AFD-8E68-D4D7ABA39044}.Debug|Mixed Platforms.ActiveCfg = Debug|Win32
		{B41C810B-A08F-4AFD-8E68-D4D7ABA39044}.Debug|Mixed Platforms.Build.0 = Debug|Win32
		{B41C810B-A08F-4AFD-8E68-D4D7ABA39044}.Debug|Win32.ActiveCfg = Debug|Win32
		{B41C810B-A08F-4AFD-8E68-D4D7ABA39044}.Debug|Win32.Build.0 = Debug|Win32
		{B41C810B-A08F-4AFD-8E68-D4D7ABA39044}.Debug|x64.ActiveCfg = Debug|x64
		{B41C810B-A08F-4AFD-8E68-D4D7ABA39044}.Debug|x64.Build.0 = Debug|x64
		{B41C810B-A08F-4AFD-8E68-D4D7ABA39044}.Debug|x86.ActiveCfg = Debug|Win32
		{B41C810B-A08F-4AFD-8E68-D4D7ABA39044}.Debug|x86.Build.0 = Debug|Win32
		{B41C810B-A08F-4AFD-8E68-D4D7ABA39044}.Profile|Any CPU.ActiveCfg = Profile|Win32
		{B41C810B-A08F-4AFD-8E68-D4D7ABA39044}.Profile|Mixed Platforms.ActiveCfg = Profile|Win32
		{B41C810B-A08F-4AFD-8E68-D4D7ABA39044}.Profile|Mixed Platforms.Build.0 = Profile|Win32
		{B41C810B-A08F-4AFD-8E68-D4D7ABA39044}.Profile|Win32.ActiveCfg = Profile|Win32
		{B41C810B-A08F-4AFD-8E68-D4D7ABA39044}.Profile|Win32.Build.0 = Profile|Win32
		{B41C810B-A08F-4AFD-8E68-D4D7ABA39044}.Profile|x64.ActiveCfg = Profile|x64
		{B41C810B-A08F-4AFD-8E68-D4D7ABA39044}.Profile|x64.Build.0 = Profile|x64
		{B41C810B-A08F-4AFD-8E68-D4D7ABA39044}.Profile|x86.ActiveCfg = Profile|Win32
		{B41C810B-A08F-4AFD-8E68-D4D7ABA39044}.Profile|x86.Build.0 = Profile|Win32
		{B41C810B-A08F-4AFD-8E68-D4D7ABA39044}.Release|Any CPU.ActiveCfg = Release|Win32
		{B41C810B-A08F-4AFD-8E68-D4D7ABA39044}.Release|Mixed Platforms.ActiveCfg = Release|Win32
		{B41C810B-A08F-4AFD-8E68-D4D7ABA39044}.Release|Mixed Platforms.Build.0 = Release|Win32
		{B41C810B-A08F-4AFD-8E68-D4D7ABA39044}.Release|Win32.ActiveCfg = Release|Win32
		{B41C810B-A08F-4AFD-8E68-D4D7ABA39044}.Release|Win32.Build.0 = Release|Win32
		{B41C810B-A08F-4AFD-8E68-D4D7ABA39044}.Release|x64.ActiveCfg = Release|x64
		{B41C810B-A08F-4AFD-8E68-D4D7ABA39044}.Release|x64.Build.0 = Release|x64
		{B41C810B-A08F-4AFD-8E68-D4D7ABA39044}.Release|x86.ActiveCfg = Release|Win32
		{B41C810B-A08F-4AFD-8E68-D4D7ABA39044}.Release|x86.Build.0 = Release|Win32
		{B41C810B-A08F-4AFD-8E68-D4D7ABA39044}.UnitTests|Any CPU.ActiveCfg = UnitTests|Win32
		{B41C810B-A08F-4AFD-8E68-D4D7ABA39044}.UnitTests|Mixed Platforms.ActiveCfg = UnitTests|Win32
		{B41C810B-A08F-4AFD-8E68-D4D7ABA39044}.UnitTests|Mixed Platforms.Build.0 = UnitTests|Win32
		{B41C810B-A08F-4AFD-8E68-D4D7ABA39044}.UnitTests|Win32.ActiveCfg = UnitTests|Win32
		{B41C810B-A08F-4AFD-8E68-D4D7ABA39044}.UnitTests|Win32.Build.0 = UnitTests|Win32
		{B41C810B-A08F-4AFD-8E68-D4D7ABA39044}.UnitTests|x64.ActiveCfg = UnitTests|x64
		{B41C810B-A08F-4AFD-8E68-D4D7ABA39044}.UnitTests|x64.Build.0 = UnitTests|x64
		{B41C810B-A08F-4AFD-8E68-D4D7ABA39044}.UnitTests|x86.ActiveCfg = UnitTests|Win32
		{B41C810B-A08F-4AFD-8E68-D4D7ABA39044}.UnitTests|x86.Build.0 = UnitTests|Win32
		{4A7993B3-6611-4D9D-B8AB-836D6C27B12B}.Debug|Any CPU.ActiveCfg = Debug|x86
		{4A7993B3-6611-4D9D-B8AB-836D6C27B12B}.Debug|Mixed Platforms.ActiveCfg = Debug|x86
		{4A7993B3-6611-4D9D-B8AB-836D6C27B12B}.Debug|Mixed Platforms.Build.0 = Debug|x86
		{4A7993B3-6611-4D9D-B8AB-836D6C27B12B}.Debug|Win32.ActiveCfg = Debug|x86
		{4A7993B3-6611-4D9D-B8AB-836D6C27B12B}.Debug|Win32.Build.0 = Debug|x86
		{4A7993B3-6611-4D9D-B8AB-836D6C27B12B}.Debug|x64.ActiveCfg = Debug|x64
		{4A7993B3-6611-4D9D-B8AB-836D6C27B12B}.Debug|x64.Build.0 = Debug|x64
		{4A7993B3-6611-4D9D-B8AB-836D6C27B12B}.Debug|x86.ActiveCfg = Debug|x86
		{4A7993B3-6611-4D9D-B8AB-836D6C27B12B}.Debug|x86.Build.0 = Debug|x86
		{4A7993B3-6611-4D9D-B8AB-836D6C27B12B}.Profile|Any CPU.ActiveCfg = Profile|x86
		{4A7993B3-6611-4D9D-B8AB-836D6C27B12B}.Profile|Mixed Platforms.ActiveCfg = Profile|x86
		{4A7993B3-6611-4D9D-B8AB-836D6C27B12B}.Profile|Mixed Platforms.Build.0 = Profile|x86
		{4A7993B3-6611-4D9D-B8AB-836D6C27B12B}.Profile|Win32.ActiveCfg = Profile|x86
		{4A7993B3-6611-4D9D-B8AB-836D6C27B12B}.Profile|Win32.Build.0 = Profile|x86
		{4A7993B3-6611-4D9D-B8AB-836D6C27B12B}.Profile|x64.ActiveCfg = Profile|x64
		{4A7993B3-6611-4D9D-B8AB-836D6C27B12B}.Profile|x64.Build.0 = Profile|x64
		{4A7993B3-6611-4D9D-B8AB-836D6C27B12B}.Profile|x86.ActiveCfg = Profile|x86
		{4A7993B3-6611-4D9D-B8AB-836D6C27B12B}.Profile|x86.Build.0 = Profile|x86
		{4A7993B3-6611-4D9D-B8AB-836D6C27B12B}.Release|Any CPU.ActiveCfg = Release|x86
		{4A7993B3-6611-4D9D-B8AB-836D6C27B12B}.Release|Mixed Platforms.ActiveCfg = Release|x86
		{4A7993B3-6611-4D9D-B8AB-836D6C27B12B}.Release|Mixed Platforms.Build.0 = Release|x86
		{4A7993B3-6611-4D9D-B8AB-836D6C27B12B}.Release|Win32.ActiveCfg = Release|x86
		{4A7993B3-6611-4D9D-B8AB-836D6C27B12B}.Release|Win32.Build.0 = Release|x86
		{4A7993B3-6611-4D9D-B8AB-836D6C27B12B}.Release|x64.ActiveCfg = Release|x64
		{4A7993B3-6611-4D9D-B8AB-836D6C27B12B}.Release|x64.Build.0 = Release|x64
		{4A7993B3-6611-4D9D-B8AB-836D6C27B12B}.Release|x86.ActiveCfg = Release|x86
		{4A7993B3-6611-4D9D-B8AB-836D6C27B12B}.Release|x86.Build.0 = Release|x86
		{4A7993B3-6611-4D9D-B8AB-836D6C27B12B}.UnitTests|Any CPU.ActiveCfg = UnitTests|x86
		{4A7993B3-6611-4D9D-B8AB-836D6C27B12B}.UnitTests|Mixed Platforms.ActiveCfg = UnitTests|x86
		{4A7993B3-6611-4D9D-B8AB-836D6C27B12B}.UnitTests|Mixed Platforms.Build.0 = UnitTests|x86
		{4A7993B3-6611-4D9D-B8AB-836D6C27B12B}.UnitTests|Win32.ActiveCfg = UnitTests|x86
		{4A7993B3-6611-4D9D-B8AB-836D6C27B12B}.UnitTests|Win32.Build.0 = UnitTests|x86
		{4A7993B3-6611-4D9D-B8AB-836D6C27B12B}.UnitTests|x64.ActiveCfg = UnitTests|x64
		{4A7993B3-6611-4D9D-B8AB-836D6C27B12B}.UnitTests|x64.Build.0 = UnitTests|x64
		{4A7993B3-6611-4D9D-B8AB-836D6C27B12B}.UnitTests|x86.ActiveCfg = UnitTests|x86
		{4A7993B3-6611-4D9D-B8AB-836D6C27B12B}.UnitTests|x86.Build.0 = UnitTests|x86
		{AEB958D4-45CA-478B-BA8E-D0E897CE974B}.Debug|Any CPU.ActiveCfg = Debug|Win32
		{AEB958D4-45CA-478B-BA8E-D0E897CE974B}.Debug|Mixed Platforms.ActiveCfg = Debug|Win32
		{AEB958D4-45CA-478B-BA8E-D0E897CE974B}.Debug|Mixed Platforms.Build.0 = Debug|Win32
		{AEB958D4-45CA-478B-BA8E-D0E897CE974B}.Debug|Win32.ActiveCfg = Debug|Win32
		{AEB958D4-45CA-478B-BA8E-D0E897CE974B}.Debug|Win32.Build.0 = Debug|Win32
		{AEB958D4-45CA-478B-BA8E-D0E897CE974B}.Debug|x64.ActiveCfg = Debug|x64
		{AEB958D4-45CA-478B-BA8E-D0E897CE974B}.Debug|x64.Build.0 = Debug|x64
		{AEB958D4-45CA-478B-BA8E-D0E897CE974B}.Debug|x86.ActiveCfg = Debug|Win32
		{AEB958D4-45CA-478B-BA8E-D0E897CE974B}.Debug|x86.Build.0 = Debug|Win32
		{AEB958D4-45CA-478B-BA8E-D0E897CE974B}.Profile|Any CPU.ActiveCfg = Profile|Win32
		{AEB958D4-45CA-478B-BA8E-D0E897CE974B}.Profile|Mixed Platforms.ActiveCfg = Profile|Win32
		{AEB958D4-45CA-478B-BA8E-D0E897CE974B}.Profile|Mixed Platforms.Build.0 = Profile|Win32
		{AEB958D4-45CA-478B-BA8E-D0E897CE974B}.Profile|Win32.ActiveCfg = Profile|Win32
		{AEB958D4-45CA-478B-BA8E-D0E897CE974B}.Profile|Win32.Build.0 = Profile|Win32
		{AEB958D4-45CA-478B-BA8E-D0E897CE974B}.Profile|x64.ActiveCfg = Profile|x64
		{AEB958D4-45CA-478B-BA8E-D0E897CE974B}.Profile|x64.Build.0 = Profile|x64
		{AEB958D4-45CA-478B-BA8E-D0E897CE974B}.Profile|x86.ActiveCfg = Profile|Win32
		{AEB958D4-45CA-478B-BA8E-D0E897CE974B}.Profile|x86.Build.0 = Profile|Win32
		{AEB958D4-45CA-478B-BA8E-D0E897CE974B}.Release|Any CPU.ActiveCfg = Release|Win32
		{AEB958D4-45CA-478B-BA8E-D0E897CE974B}.Release|Mixed Platforms.ActiveCfg = Release|Win32
		{AEB958D4-45CA-478B-BA8E-D0E897CE974B}.Release|Mixed Platforms.Build.0 = Release|Win32
		{AEB958D4-45CA-478B-BA8E-D0E897CE974B}.Release|Win32.ActiveCfg = Release|Win32
		{AEB958D4-45CA-478B-BA8E-D0E897CE974B}.Release|Win32.Build.0 = Release|Win32
		{AEB958D4-45CA-478B-BA8E-D0E897CE974B}.Release|x64.ActiveCfg = Release|x64
		{AEB958D4-45CA-478B-BA8E-D0E897CE974B}.Release|x64.Build.0 = Release|x64
		{AEB958D4-45CA-478B-BA8E-D0E897CE974B}.Release|x86.ActiveCfg = Release|Win32
		{AEB958D4-45CA-478B-BA8E-D0E897CE974B}.Release|x86.Build.0 = Release|Win32
		{AEB958D4-45CA-478B-BA8E-D0E897CE974B}.UnitTests|Any CPU.ActiveCfg = Profile Server Only|Win32
		{AEB958D4-45CA-478B-BA8E-D0E897CE974B}.UnitTests|Mixed Platforms.ActiveCfg = Profile Server Only|Win32
		{AEB958D4-45CA-478B-BA8E-D0E897CE974B}.UnitTests|Mixed Platforms.Build.0 = Profile Server Only|Win32
		{AEB958D4-45CA-478B-BA8E-D0E897CE974B}.UnitTests|Win32.ActiveCfg = Release Server Only|Win32
		{AEB958D4-45CA-478B-BA8E-D0E897CE974B}.UnitTests|Win32.Build.0 = Release Server Only|Win32
		{AEB958D4-45CA-478B-BA8E-D0E897CE974B}.UnitTests|x64.ActiveCfg = Performance|x64
		{AEB958D4-45CA-478B-BA8E-D0E897CE974B}.UnitTests|x64.Build.0 = Performance|x64
		{AEB958D4-45CA-478B-BA8E-D0E897CE974B}.UnitTests|x86.ActiveCfg = Performance|Win32
		{AEB958D4-45CA-478B-BA8E-D0E897CE974B}.UnitTests|x86.Build.0 = Performance|Win32
		{498187B3-E46F-45FA-A202-992AE9FDA01A}.Debug|Any CPU.ActiveCfg = Debug|Win32
		{498187B3-E46F-45FA-A202-992AE9FDA01A}.Debug|Mixed Platforms.ActiveCfg = Debug|Win32
		{498187B3-E46F-45FA-A202-992AE9FDA01A}.Debug|Mixed Platforms.Build.0 = Debug|Win32
		{498187B3-E46F-45FA-A202-992AE9FDA01A}.Debug|Win32.ActiveCfg = Debug|Win32
		{498187B3-E46F-45FA-A202-992AE9FDA01A}.Debug|Win32.Build.0 = Debug|Win32
		{498187B3-E46F-45FA-A202-992AE9FDA01A}.Debug|x64.ActiveCfg = Debug|x64
		{498187B3-E46F-45FA-A202-992AE9FDA01A}.Debug|x64.Build.0 = Debug|x64
		{498187B3-E46F-45FA-A202-992AE9FDA01A}.Debug|x86.ActiveCfg = Debug|Win32
		{498187B3-E46F-45FA-A202-992AE9FDA01A}.Debug|x86.Build.0 = Debug|Win32
		{498187B3-E46F-45FA-A202-992AE9FDA01A}.Profile|Any CPU.ActiveCfg = Profile|Win32
		{498187B3-E46F-45FA-A202-992AE9FDA01A}.Profile|Mixed Platforms.ActiveCfg = Profile|Win32
		{498187B3-E46F-45FA-A202-992AE9FDA01A}.Profile|Mixed Platforms.Build.0 = Profile|Win32
		{498187B3-E46F-45FA-A202-992AE9FDA01A}.Profile|Win32.ActiveCfg = Profile|Win32
		{498187B3-E46F-45FA-A202-992AE9FDA01A}.Profile|Win32.Build.0 = Profile|Win32
		{498187B3-E46F-45FA-A202-992AE9FDA01A}.Profile|x64.ActiveCfg = Profile|x64
		{498187B3-E46F-45FA-A202-992AE9FDA01A}.Profile|x64.Build.0 = Profile|x64
		{498187B3-E46F-45FA-A202-992AE9FDA01A}.Profile|x86.ActiveCfg = Profile|Win32
		{498187B3-E46F-45FA-A202-992AE9FDA01A}.Profile|x86.Build.0 = Profile|Win32
		{498187B3-E46F-45FA-A202-992AE9FDA01A}.Release|Any CPU.ActiveCfg = Release|Win32
		{498187B3-E46F-45FA-A202-992AE9FDA01A}.Release|Mixed Platforms.ActiveCfg = Release|Win32
		{498187B3-E46F-45FA-A202-992AE9FDA01A}.Release|Mixed Platforms.Build.0 = Release|Win32
		{498187B3-E46F-45FA-A202-992AE9FDA01A}.Release|Win32.ActiveCfg = Release|Win32
		{498187B3-E46F-45FA-A202-992AE9FDA01A}.Release|Win32.Build.0 = Release|Win32
		{498187B3-E46F-45FA-A202-992AE9FDA01A}.Release|x64.ActiveCfg = Release|x64
		{498187B3-E46F-45FA-A202-992AE9FDA01A}.Release|x64.Build.0 = Release|x64
		{498187B3-E46F-45FA-A202-992AE9FDA01A}.Release|x86.ActiveCfg = Release|Win32
		{498187B3-E46F-45FA-A202-992AE9FDA01A}.Release|x86.Build.0 = Release|Win32
		{498187B3-E46F-45FA-A202-992AE9FDA01A}.UnitTests|Any CPU.ActiveCfg = Release|Win32
		{498187B3-E46F-45FA-A202-992AE9FDA01A}.UnitTests|Mixed Platforms.ActiveCfg = Release|Win32
		{498187B3-E46F-45FA-A202-992AE9FDA01A}.UnitTests|Mixed Platforms.Build.0 = Release|Win32
		{498187B3-E46F-45FA-A202-992AE9FDA01A}.UnitTests|Win32.ActiveCfg = Release|Win32
		{498187B3-E46F-45FA-A202-992AE9FDA01A}.UnitTests|Win32.Build.0 = Release|Win32
		{498187B3-E46F-45FA-A202-992AE9FDA01A}.UnitTests|x64.ActiveCfg = Release|x64
		{498187B3-E46F-45FA-A202-992AE9FDA01A}.UnitTests|x64.Build.0 = Release|x64
		{498187B3-E46F-45FA-A202-992AE9FDA01A}.UnitTests|x86.ActiveCfg = Release|Win32
		{498187B3-E46F-45FA-A202-992AE9FDA01A}.UnitTests|x86.Build.0 = Release|Win32
		{25588172-6725-4C61-8CE5-3799FA125533}.Debug|Any CPU.ActiveCfg = Debug|Any CPU
		{25588172-6725-4C61-8CE5-3799FA125533}.Debug|Any CPU.Build.0 = Debug|Any CPU
		{25588172-6725-4C61-8CE5-3799FA125533}.Debug|Mixed Platforms.ActiveCfg = Debug|Any CPU
		{25588172-6725-4C61-8CE5-3799FA125533}.Debug|Mixed Platforms.Build.0 = Debug|Any CPU
		{25588172-6725-4C61-8CE5-3799FA125533}.Debug|Win32.ActiveCfg = Debug|Any CPU
		{25588172-6725-4C61-8CE5-3799FA125533}.Debug|x64.ActiveCfg = Debug|Any CPU
		{25588172-6725-4C61-8CE5-3799FA125533}.Debug|x64.Build.0 = Debug|Any CPU
		{25588172-6725-4C61-8CE5-3799FA125533}.Debug|x86.ActiveCfg = Debug|Any CPU
		{25588172-6725-4C61-8CE5-3799FA125533}.Debug|x86.Build.0 = Debug|Any CPU
		{25588172-6725-4C61-8CE5-3799FA125533}.Profile|Any CPU.ActiveCfg = Profile|Any CPU
		{25588172-6725-4C61-8CE5-3799FA125533}.Profile|Any CPU.Build.0 = Profile|Any CPU
		{25588172-6725-4C61-8CE5-3799FA125533}.Profile|Mixed Platforms.ActiveCfg = Profile|Any CPU
		{25588172-6725-4C61-8CE5-3799FA125533}.Profile|Mixed Platforms.Build.0 = Profile|Any CPU
		{25588172-6725-4C61-8CE5-3799FA125533}.Profile|Win32.ActiveCfg = Profile|Any CPU
		{25588172-6725-4C61-8CE5-3799FA125533}.Profile|x64.ActiveCfg = Profile|Any CPU
		{25588172-6725-4C61-8CE5-3799FA125533}.Profile|x64.Build.0 = Profile|Any CPU
		{25588172-6725-4C61-8CE5-3799FA125533}.Profile|x86.ActiveCfg = Profile|Any CPU
		{25588172-6725-4C61-8CE5-3799FA125533}.Profile|x86.Build.0 = Profile|Any CPU
		{25588172-6725-4C61-8CE5-3799FA125533}.Release|Any CPU.ActiveCfg = Release|Any CPU
		{25588172-6725-4C61-8CE5-3799FA125533}.Release|Any CPU.Build.0 = Release|Any CPU
		{25588172-6725-4C61-8CE5-3799FA125533}.Release|Mixed Platforms.ActiveCfg = Release|Any CPU
		{25588172-6725-4C61-8CE5-3799FA125533}.Release|Mixed Platforms.Build.0 = Release|Any CPU
		{25588172-6725-4C61-8CE5-3799FA125533}.Release|Win32.ActiveCfg = Release|Any CPU
		{25588172-6725-4C61-8CE5-3799FA125533}.Release|x64.ActiveCfg = Release|Any CPU
		{25588172-6725-4C61-8CE5-3799FA125533}.Release|x64.Build.0 = Release|Any CPU
		{25588172-6725-4C61-8CE5-3799FA125533}.Release|x86.ActiveCfg = Release|Any CPU
		{25588172-6725-4C61-8CE5-3799FA125533}.Release|x86.Build.0 = Release|Any CPU
		{25588172-6725-4C61-8CE5-3799FA125533}.UnitTests|Any CPU.ActiveCfg = UnitTests|Any CPU
		{25588172-6725-4C61-8CE5-3799FA125533}.UnitTests|Any CPU.Build.0 = UnitTests|Any CPU
		{25588172-6725-4C61-8CE5-3799FA125533}.UnitTests|Mixed Platforms.ActiveCfg = UnitTests|Any CPU
		{25588172-6725-4C61-8CE5-3799FA125533}.UnitTests|Mixed Platforms.Build.0 = UnitTests|Any CPU
		{25588172-6725-4C61-8CE5-3799FA125533}.UnitTests|Win32.ActiveCfg = UnitTests|Any CPU
		{25588172-6725-4C61-8CE5-3799FA125533}.UnitTests|x64.ActiveCfg = UnitTests|Any CPU
		{25588172-6725-4C61-8CE5-3799FA125533}.UnitTests|x64.Build.0 = UnitTests|Any CPU
		{25588172-6725-4C61-8CE5-3799FA125533}.UnitTests|x86.ActiveCfg = UnitTests|Any CPU
		{A0504507-678E-44B5-9517-F89EB8575D3F}.Debug|Any CPU.ActiveCfg = Debug|x86
		{A0504507-678E-44B5-9517-F89EB8575D3F}.Debug|Mixed Platforms.ActiveCfg = Debug|x86
		{A0504507-678E-44B5-9517-F89EB8575D3F}.Debug|Mixed Platforms.Build.0 = Debug|x86
		{A0504507-678E-44B5-9517-F89EB8575D3F}.Debug|Win32.ActiveCfg = Debug|x86
		{A0504507-678E-44B5-9517-F89EB8575D3F}.Debug|Win32.Build.0 = Debug|x86
		{A0504507-678E-44B5-9517-F89EB8575D3F}.Debug|x64.ActiveCfg = Debug|x64
		{A0504507-678E-44B5-9517-F89EB8575D3F}.Debug|x64.Build.0 = Debug|x64
		{A0504507-678E-44B5-9517-F89EB8575D3F}.Debug|x86.ActiveCfg = Debug|x86
		{A0504507-678E-44B5-9517-F89EB8575D3F}.Debug|x86.Build.0 = Debug|x86
		{A0504507-678E-44B5-9517-F89EB8575D3F}.Profile|Any CPU.ActiveCfg = Profile|x86
		{A0504507-678E-44B5-9517-F89EB8575D3F}.Profile|Mixed Platforms.ActiveCfg = Profile|x86
		{A0504507-678E-44B5-9517-F89EB8575D3F}.Profile|Mixed Platforms.Build.0 = Profile|x86
		{A0504507-678E-44B5-9517-F89EB8575D3F}.Profile|Win32.ActiveCfg = Profile|x86
		{A0504507-678E-44B5-9517-F89EB8575D3F}.Profile|Win32.Build.0 = Profile|x86
		{A0504507-678E-44B5-9517-F89EB8575D3F}.Profile|x64.ActiveCfg = Profile|x64
		{A0504507-678E-44B5-9517-F89EB8575D3F}.Profile|x64.Build.0 = Profile|x64
		{A0504507-678E-44B5-9517-F89EB8575D3F}.Profile|x86.ActiveCfg = Profile|x86
		{A0504507-678E-44B5-9517-F89EB8575D3F}.Profile|x86.Build.0 = Profile|x86
		{A0504507-678E-44B5-9517-F89EB8575D3F}.Release|Any CPU.ActiveCfg = Release|x86
		{A0504507-678E-44B5-9517-F89EB8575D3F}.Release|Mixed Platforms.ActiveCfg = Release|x86
		{A0504507-678E-44B5-9517-F89EB8575D3F}.Release|Mixed Platforms.Build.0 = Release|x86
		{A0504507-678E-44B5-9517-F89EB8575D3F}.Release|Win32.ActiveCfg = Release|x86
		{A0504507-678E-44B5-9517-F89EB8575D3F}.Release|Win32.Build.0 = Release|x86
		{A0504507-678E-44B5-9517-F89EB8575D3F}.Release|x64.ActiveCfg = Release|x64
		{A0504507-678E-44B5-9517-F89EB8575D3F}.Release|x64.Build.0 = Release|x64
		{A0504507-678E-44B5-9517-F89EB8575D3F}.Release|x86.ActiveCfg = Release|x86
		{A0504507-678E-44B5-9517-F89EB8575D3F}.Release|x86.Build.0 = Release|x86
		{A0504507-678E-44B5-9517-F89EB8575D3F}.UnitTests|Any CPU.ActiveCfg = UnitTests|x86
		{A0504507-678E-44B5-9517-F89EB8575D3F}.UnitTests|Mixed Platforms.ActiveCfg = UnitTests|x86
		{A0504507-678E-44B5-9517-F89EB8575D3F}.UnitTests|Mixed Platforms.Build.0 = UnitTests|x86
		{A0504507-678E-44B5-9517-F89EB8575D3F}.UnitTests|Win32.ActiveCfg = UnitTests|x86
		{A0504507-678E-44B5-9517-F89EB8575D3F}.UnitTests|Win32.Build.0 = UnitTests|x86
		{A0504507-678E-44B5-9517-F89EB8575D3F}.UnitTests|x64.ActiveCfg = UnitTests|x64
		{A0504507-678E-44B5-9517-F89EB8575D3F}.UnitTests|x64.Build.0 = UnitTests|x64
		{A0504507-678E-44B5-9517-F89EB8575D3F}.UnitTests|x86.ActiveCfg = UnitTests|x86
		{A0504507-678E-44B5-9517-F89EB8575D3F}.UnitTests|x86.Build.0 = UnitTests|x86
		{EFA030F1-B5C6-410D-B217-6F40887CC8A5}.Debug|Any CPU.ActiveCfg = Debug|Any CPU
		{EFA030F1-B5C6-410D-B217-6F40887CC8A5}.Debug|Any CPU.Build.0 = Debug|Any CPU
		{EFA030F1-B5C6-410D-B217-6F40887CC8A5}.Debug|Mixed Platforms.ActiveCfg = Debug|Any CPU
		{EFA030F1-B5C6-410D-B217-6F40887CC8A5}.Debug|Mixed Platforms.Build.0 = Debug|Any CPU
		{EFA030F1-B5C6-410D-B217-6F40887CC8A5}.Debug|Win32.ActiveCfg = Debug|Any CPU
		{EFA030F1-B5C6-410D-B217-6F40887CC8A5}.Debug|x64.ActiveCfg = Debug|Any CPU
		{EFA030F1-B5C6-410D-B217-6F40887CC8A5}.Debug|x86.ActiveCfg = Debug|Any CPU
		{EFA030F1-B5C6-410D-B217-6F40887CC8A5}.Profile|Any CPU.ActiveCfg = Release|Any CPU
		{EFA030F1-B5C6-410D-B217-6F40887CC8A5}.Profile|Any CPU.Build.0 = Release|Any CPU
		{EFA030F1-B5C6-410D-B217-6F40887CC8A5}.Profile|Mixed Platforms.ActiveCfg = Release|Any CPU
		{EFA030F1-B5C6-410D-B217-6F40887CC8A5}.Profile|Mixed Platforms.Build.0 = Release|Any CPU
		{EFA030F1-B5C6-410D-B217-6F40887CC8A5}.Profile|Win32.ActiveCfg = Release|Any CPU
		{EFA030F1-B5C6-410D-B217-6F40887CC8A5}.Profile|x64.ActiveCfg = Release|Any CPU
		{EFA030F1-B5C6-410D-B217-6F40887CC8A5}.Profile|x86.ActiveCfg = Release|Any CPU
		{EFA030F1-B5C6-410D-B217-6F40887CC8A5}.Release|Any CPU.ActiveCfg = Release|Any CPU
		{EFA030F1-B5C6-410D-B217-6F40887CC8A5}.Release|Any CPU.Build.0 = Release|Any CPU
		{EFA030F1-B5C6-410D-B217-6F40887CC8A5}.Release|Mixed Platforms.ActiveCfg = Release|Any CPU
		{EFA030F1-B5C6-410D-B217-6F40887CC8A5}.Release|Mixed Platforms.Build.0 = Release|Any CPU
		{EFA030F1-B5C6-410D-B217-6F40887CC8A5}.Release|Win32.ActiveCfg = Release|Any CPU
		{EFA030F1-B5C6-410D-B217-6F40887CC8A5}.Release|x64.ActiveCfg = Release|Any CPU
		{EFA030F1-B5C6-410D-B217-6F40887CC8A5}.Release|x86.ActiveCfg = Release|Any CPU
		{EFA030F1-B5C6-410D-B217-6F40887CC8A5}.UnitTests|Any CPU.ActiveCfg = Release|Any CPU
		{EFA030F1-B5C6-410D-B217-6F40887CC8A5}.UnitTests|Any CPU.Build.0 = Release|Any CPU
		{EFA030F1-B5C6-410D-B217-6F40887CC8A5}.UnitTests|Mixed Platforms.ActiveCfg = Release|Any CPU
		{EFA030F1-B5C6-410D-B217-6F40887CC8A5}.UnitTests|Mixed Platforms.Build.0 = Release|Any CPU
		{EFA030F1-B5C6-410D-B217-6F40887CC8A5}.UnitTests|Win32.ActiveCfg = Release|Any CPU
		{EFA030F1-B5C6-410D-B217-6F40887CC8A5}.UnitTests|x64.ActiveCfg = Release|Any CPU
		{EFA030F1-B5C6-410D-B217-6F40887CC8A5}.UnitTests|x86.ActiveCfg = Release|Any CPU
		{C36612BD-22D3-4B95-85E2-7FDC4FC5D739}.Debug|Any CPU.ActiveCfg = Debug|Win32
		{C36612BD-22D3-4B95-85E2-7FDC4FC5D739}.Debug|Mixed Platforms.ActiveCfg = Debug|Win32
		{C36612BD-22D3-4B95-85E2-7FDC4FC5D739}.Debug|Mixed Platforms.Build.0 = Debug|Win32
		{C36612BD-22D3-4B95-85E2-7FDC4FC5D739}.Debug|Win32.ActiveCfg = Debug|Win32
		{C36612BD-22D3-4B95-85E2-7FDC4FC5D739}.Debug|Win32.Build.0 = Debug|Win32
		{C36612BD-22D3-4B95-85E2-7FDC4FC5D739}.Debug|x64.ActiveCfg = Debug|x64
		{C36612BD-22D3-4B95-85E2-7FDC4FC5D739}.Debug|x64.Build.0 = Debug|x64
		{C36612BD-22D3-4B95-85E2-7FDC4FC5D739}.Debug|x86.ActiveCfg = Debug|Win32
		{C36612BD-22D3-4B95-85E2-7FDC4FC5D739}.Debug|x86.Build.0 = Debug|Win32
		{C36612BD-22D3-4B95-85E2-7FDC4FC5D739}.Profile|Any CPU.ActiveCfg = Release|Win32
		{C36612BD-22D3-4B95-85E2-7FDC4FC5D739}.Profile|Mixed Platforms.ActiveCfg = Release|Win32
		{C36612BD-22D3-4B95-85E2-7FDC4FC5D739}.Profile|Mixed Platforms.Build.0 = Release|Win32
		{C36612BD-22D3-4B95-85E2-7FDC4FC5D739}.Profile|Win32.ActiveCfg = Release|Win32
		{C36612BD-22D3-4B95-85E2-7FDC4FC5D739}.Profile|Win32.Build.0 = Release|Win32
		{C36612BD-22D3-4B95-85E2-7FDC4FC5D739}.Profile|x64.ActiveCfg = Release|x64
		{C36612BD-22D3-4B95-85E2-7FDC4FC5D739}.Profile|x64.Build.0 = Release|x64
		{C36612BD-22D3-4B95-85E2-7FDC4FC5D739}.Profile|x86.ActiveCfg = Release|Win32
		{C36612BD-22D3-4B95-85E2-7FDC4FC5D739}.Profile|x86.Build.0 = Release|Win32
		{C36612BD-22D3-4B95-85E2-7FDC4FC5D739}.Release|Any CPU.ActiveCfg = Release|Win32
		{C36612BD-22D3-4B95-85E2-7FDC4FC5D739}.Release|Mixed Platforms.ActiveCfg = Release|Win32
		{C36612BD-22D3-4B95-85E2-7FDC4FC5D739}.Release|Mixed Platforms.Build.0 = Release|Win32
		{C36612BD-22D3-4B95-85E2-7FDC4FC5D739}.Release|Win32.ActiveCfg = Release|Win32
		{C36612BD-22D3-4B95-85E2-7FDC4FC5D739}.Release|Win32.Build.0 = Release|Win32
		{C36612BD-22D3-4B95-85E2-7FDC4FC5D739}.Release|x64.ActiveCfg = Release|x64
		{C36612BD-22D3-4B95-85E2-7FDC4FC5D739}.Release|x64.Build.0 = Release|x64
		{C36612BD-22D3-4B95-85E2-7FDC4FC5D739}.Release|x86.ActiveCfg = Release|Win32
		{C36612BD-22D3-4B95-85E2-7FDC4FC5D739}.Release|x86.Build.0 = Release|Win32
		{C36612BD-22D3-4B95-85E2-7FDC4FC5D739}.UnitTests|Any CPU.ActiveCfg = Release|Win32
		{C36612BD-22D3-4B95-85E2-7FDC4FC5D739}.UnitTests|Mixed Platforms.ActiveCfg = Release|Win32
		{C36612BD-22D3-4B95-85E2-7FDC4FC5D739}.UnitTests|Mixed Platforms.Build.0 = Release|Win32
		{C36612BD-22D3-4B95-85E2-7FDC4FC5D739}.UnitTests|Win32.ActiveCfg = Release|Win32
		{C36612BD-22D3-4B95-85E2-7FDC4FC5D739}.UnitTests|Win32.Build.0 = Release|Win32
		{C36612BD-22D3-4B95-85E2-7FDC4FC5D739}.UnitTests|x64.ActiveCfg = Release|x64
		{C36612BD-22D3-4B95-85E2-7FDC4FC5D739}.UnitTests|x64.Build.0 = Release|x64
		{C36612BD-22D3-4B95-85E2-7FDC4FC5D739}.UnitTests|x86.ActiveCfg = Release|Win32
		{C36612BD-22D3-4B95-85E2-7FDC4FC5D739}.UnitTests|x86.Build.0 = Release|Win32
		{A0EDDCD9-940F-432C-A28F-7EF322437D79}.Debug|Any CPU.ActiveCfg = Debug|Win32
		{A0EDDCD9-940F-432C-A28F-7EF322437D79}.Debug|Mixed Platforms.ActiveCfg = Debug|Win32
		{A0EDDCD9-940F-432C-A28F-7EF322437D79}.Debug|Mixed Platforms.Build.0 = Debug|Win32
		{A0EDDCD9-940F-432C-A28F-7EF322437D79}.Debug|Win32.ActiveCfg = Debug|Win32
		{A0EDDCD9-940F-432C-A28F-7EF322437D79}.Debug|Win32.Build.0 = Debug|Win32
		{A0EDDCD9-940F-432C-A28F-7EF322437D79}.Debug|x64.ActiveCfg = Debug|x64
		{A0EDDCD9-940F-432C-A28F-7EF322437D79}.Debug|x64.Build.0 = Debug|x64
		{A0EDDCD9-940F-432C-A28F-7EF322437D79}.Debug|x86.ActiveCfg = Debug|Win32
		{A0EDDCD9-940F-432C-A28F-7EF322437D79}.Debug|x86.Build.0 = Debug|Win32
		{A0EDDCD9-940F-432C-A28F-7EF322437D79}.Profile|Any CPU.ActiveCfg = Release|Win32
		{A0EDDCD9-940F-432C-A28F-7EF322437D79}.Profile|Mixed Platforms.ActiveCfg = Release|Win32
		{A0EDDCD9-940F-432C-A28F-7EF322437D79}.Profile|Mixed Platforms.Build.0 = Release|Win32
		{A0EDDCD9-940F-432C-A28F-7EF322437D79}.Profile|Win32.ActiveCfg = Release|Win32
		{A0EDDCD9-940F-432C-A28F-7EF322437D79}.Profile|Win32.Build.0 = Release|Win32
		{A0EDDCD9-940F-432C-A28F-7EF322437D79}.Profile|x64.ActiveCfg = Release|x64
		{A0EDDCD9-940F-432C-A28F-7EF322437D79}.Profile|x64.Build.0 = Release|x64
		{A0EDDCD9-940F-432C-A28F-7EF322437D79}.Profile|x86.ActiveCfg = Release|Win32
		{A0EDDCD9-940F-432C-A28F-7EF322437D79}.Profile|x86.Build.0 = Release|Win32
		{A0EDDCD9-940F-432C-A28F-7EF322437D79}.Release|Any CPU.ActiveCfg = Release|Win32
		{A0EDDCD9-940F-432C-A28F-7EF322437D79}.Release|Mixed Platforms.ActiveCfg = Release|Win32
		{A0EDDCD9-940F-432C-A28F-7EF322437D79}.Release|Mixed Platforms.Build.0 = Release|Win32
		{A0EDDCD9-940F-432C-A28F-7EF322437D79}.Release|Win32.ActiveCfg = Release|Win32
		{A0EDDCD9-940F-432C-A28F-7EF322437D79}.Release|Win32.Build.0 = Release|Win32
		{A0EDDCD9-940F-432C-A28F-7EF322437D79}.Release|x64.ActiveCfg = Release|x64
		{A0EDDCD9-940F-432C-A28F-7EF322437D79}.Release|x64.Build.0 = Release|x64
		{A0EDDCD9-940F-432C-A28F-7EF322437D79}.Release|x86.ActiveCfg = Release|Win32
		{A0EDDCD9-940F-432C-A28F-7EF322437D79}.Release|x86.Build.0 = Release|Win32
		{A0EDDCD9-940F-432C-A28F-7EF322437D79}.UnitTests|Any CPU.ActiveCfg = Release|Win32
		{A0EDDCD9-940F-432C-A28F-7EF322437D79}.UnitTests|Mixed Platforms.ActiveCfg = Release|Win32
		{A0EDDCD9-940F-432C-A28F-7EF322437D79}.UnitTests|Mixed Platforms.Build.0 = Release|Win32
		{A0EDDCD9-940F-432C-A28F-7EF322437D79}.UnitTests|Win32.ActiveCfg = Release|Win32
		{A0EDDCD9-940F-432C-A28F-7EF322437D79}.UnitTests|Win32.Build.0 = Release|Win32
		{A0EDDCD9-940F-432C-A28F-7EF322437D79}.UnitTests|x64.ActiveCfg = Release|x64
		{A0EDDCD9-940F-432C-A28F-7EF322437D79}.UnitTests|x64.Build.0 = Release|x64
		{A0EDDCD9-940F-432C-A28F-7EF322437D79}.UnitTests|x86.ActiveCfg = Release|Win32
		{A0EDDCD9-940F-432C-A28F-7EF322437D79}.UnitTests|x86.Build.0 = Release|Win32
		{158073ED-99AE-4196-9EDC-DDB2344F8466}.Debug|Any CPU.ActiveCfg = Debug|Win32
		{158073ED-99AE-4196-9EDC-DDB2344F8466}.Debug|Mixed Platforms.ActiveCfg = Debug|Win32
		{158073ED-99AE-4196-9EDC-DDB2344F8466}.Debug|Mixed Platforms.Build.0 = Debug|Win32
		{158073ED-99AE-4196-9EDC-DDB2344F8466}.Debug|Win32.ActiveCfg = Debug|Win32
		{158073ED-99AE-4196-9EDC-DDB2344F8466}.Debug|Win32.Build.0 = Debug|Win32
		{158073ED-99AE-4196-9EDC-DDB2344F8466}.Debug|x64.ActiveCfg = Debug|x64
		{158073ED-99AE-4196-9EDC-DDB2344F8466}.Debug|x64.Build.0 = Debug|x64
		{158073ED-99AE-4196-9EDC-DDB2344F8466}.Debug|x86.ActiveCfg = Debug|Win32
		{158073ED-99AE-4196-9EDC-DDB2344F8466}.Debug|x86.Build.0 = Debug|Win32
		{158073ED-99AE-4196-9EDC-DDB2344F8466}.Profile|Any CPU.ActiveCfg = Release|Win32
		{158073ED-99AE-4196-9EDC-DDB2344F8466}.Profile|Mixed Platforms.ActiveCfg = Release|Win32
		{158073ED-99AE-4196-9EDC-DDB2344F8466}.Profile|Mixed Platforms.Build.0 = Release|Win32
		{158073ED-99AE-4196-9EDC-DDB2344F8466}.Profile|Win32.ActiveCfg = Release|Win32
		{158073ED-99AE-4196-9EDC-DDB2344F8466}.Profile|Win32.Build.0 = Release|Win32
		{158073ED-99AE-4196-9EDC-DDB2344F8466}.Profile|x64.ActiveCfg = Release|x64
		{158073ED-99AE-4196-9EDC-DDB2344F8466}.Profile|x64.Build.0 = Release|x64
		{158073ED-99AE-4196-9EDC-DDB2344F8466}.Profile|x86.ActiveCfg = Release|Win32
		{158073ED-99AE-4196-9EDC-DDB2344F8466}.Profile|x86.Build.0 = Release|Win32
		{158073ED-99AE-4196-9EDC-DDB2344F8466}.Release|Any CPU.ActiveCfg = Release|Win32
		{158073ED-99AE-4196-9EDC-DDB2344F8466}.Release|Mixed Platforms.ActiveCfg = Release|Win32
		{158073ED-99AE-4196-9EDC-DDB2344F8466}.Release|Mixed Platforms.Build.0 = Release|Win32
		{158073ED-99AE-4196-9EDC-DDB2344F8466}.Release|Win32.ActiveCfg = Release|Win32
		{158073ED-99AE-4196-9EDC-DDB2344F8466}.Release|Win32.Build.0 = Release|Win32
		{158073ED-99AE-4196-9EDC-DDB2344F8466}.Release|x64.ActiveCfg = Release|x64
		{158073ED-99AE-4196-9EDC-DDB2344F8466}.Release|x64.Build.0 = Release|x64
		{158073ED-99AE-4196-9EDC-DDB2344F8466}.Release|x86.ActiveCfg = Release|Win32
		{158073ED-99AE-4196-9EDC-DDB2344F8466}.Release|x86.Build.0 = Release|Win32
		{158073ED-99AE-4196-9EDC-DDB2344F8466}.UnitTests|Any CPU.ActiveCfg = Release|Win32
		{158073ED-99AE-4196-9EDC-DDB2344F8466}.UnitTests|Mixed Platforms.ActiveCfg = Release|Win32
		{158073ED-99AE-4196-9EDC-DDB2344F8466}.UnitTests|Mixed Platforms.Build.0 = Release|Win32
		{158073ED-99AE-4196-9EDC-DDB2344F8466}.UnitTests|Win32.ActiveCfg = Release|Win32
		{158073ED-99AE-4196-9EDC-DDB2344F8466}.UnitTests|Win32.Build.0 = Release|Win32
		{158073ED-99AE-4196-9EDC-DDB2344F8466}.UnitTests|x64.ActiveCfg = Release|x64
		{158073ED-99AE-4196-9EDC-DDB2344F8466}.UnitTests|x64.Build.0 = Release|x64
		{158073ED-99AE-4196-9EDC-DDB2344F8466}.UnitTests|x86.ActiveCfg = Release|Win32
		{158073ED-99AE-4196-9EDC-DDB2344F8466}.UnitTests|x86.Build.0 = Release|Win32
		{EB56000B-C80B-4E8B-908D-D84D31B517D3}.Debug|Any CPU.ActiveCfg = Debug|Win32
		{EB56000B-C80B-4E8B-908D-D84D31B517D3}.Debug|Mixed Platforms.ActiveCfg = Debug|Win32
		{EB56000B-C80B-4E8B-908D-D84D31B517D3}.Debug|Mixed Platforms.Build.0 = Debug|Win32
		{EB56000B-C80B-4E8B-908D-D84D31B517D3}.Debug|Win32.ActiveCfg = Debug|Win32
		{EB56000B-C80B-4E8B-908D-D84D31B517D3}.Debug|Win32.Build.0 = Debug|Win32
		{EB56000B-C80B-4E8B-908D-D84D31B517D3}.Debug|x64.ActiveCfg = Debug|x64
		{EB56000B-C80B-4E8B-908D-D84D31B517D3}.Debug|x64.Build.0 = Debug|x64
		{EB56000B-C80B-4E8B-908D-D84D31B517D3}.Debug|x86.ActiveCfg = Debug|Win32
		{EB56000B-C80B-4E8B-908D-D84D31B517D3}.Debug|x86.Build.0 = Debug|Win32
		{EB56000B-C80B-4E8B-908D-D84D31B517D3}.Profile|Any CPU.ActiveCfg = Release|Win32
		{EB56000B-C80B-4E8B-908D-D84D31B517D3}.Profile|Mixed Platforms.ActiveCfg = Release|Win32
		{EB56000B-C80B-4E8B-908D-D84D31B517D3}.Profile|Mixed Platforms.Build.0 = Release|Win32
		{EB56000B-C80B-4E8B-908D-D84D31B517D3}.Profile|Win32.ActiveCfg = Release|Win32
		{EB56000B-C80B-4E8B-908D-D84D31B517D3}.Profile|Win32.Build.0 = Release|Win32
		{EB56000B-C80B-4E8B-908D-D84D31B517D3}.Profile|x64.ActiveCfg = Release|x64
		{EB56000B-C80B-4E8B-908D-D84D31B517D3}.Profile|x64.Build.0 = Release|x64
		{EB56000B-C80B-4E8B-908D-D84D31B517D3}.Profile|x86.ActiveCfg = Release|Win32
		{EB56000B-C80B-4E8B-908D-D84D31B517D3}.Profile|x86.Build.0 = Release|Win32
		{EB56000B-C80B-4E8B-908D-D84D31B517D3}.Release|Any CPU.ActiveCfg = Release|Win32
		{EB56000B-C80B-4E8B-908D-D84D31B517D3}.Release|Mixed Platforms.ActiveCfg = Release|Win32
		{EB56000B-C80B-4E8B-908D-D84D31B517D3}.Release|Mixed Platforms.Build.0 = Release|Win32
		{EB56000B-C80B-4E8B-908D-D84D31B517D3}.Release|Win32.ActiveCfg = Release|Win32
		{EB56000B-C80B-4E8B-908D-D84D31B517D3}.Release|Win32.Build.0 = Release|Win32
		{EB56000B-C80B-4E8B-908D-D84D31B517D3}.Release|x64.ActiveCfg = Release|x64
		{EB56000B-C80B-4E8B-908D-D84D31B517D3}.Release|x64.Build.0 = Release|x64
		{EB56000B-C80B-4E8B-908D-D84D31B517D3}.Release|x86.ActiveCfg = Release|Win32
		{EB56000B-C80B-4E8B-908D-D84D31B517D3}.Release|x86.Build.0 = Release|Win32
		{EB56000B-C80B-4E8B-908D-D84D31B517D3}.UnitTests|Any CPU.ActiveCfg = Release|Win32
		{EB56000B-C80B-4E8B-908D-D84D31B517D3}.UnitTests|Mixed Platforms.ActiveCfg = Release|Win32
		{EB56000B-C80B-4E8B-908D-D84D31B517D3}.UnitTests|Mixed Platforms.Build.0 = Release|Win32
		{EB56000B-C80B-4E8B-908D-D84D31B517D3}.UnitTests|Win32.ActiveCfg = Release|Win32
		{EB56000B-C80B-4E8B-908D-D84D31B517D3}.UnitTests|Win32.Build.0 = Release|Win32
		{EB56000B-C80B-4E8B-908D-D84D31B517D3}.UnitTests|x64.ActiveCfg = Release|x64
		{EB56000B-C80B-4E8B-908D-D84D31B517D3}.UnitTests|x64.Build.0 = Release|x64
		{EB56000B-C80B-4E8B-908D-D84D31B517D3}.UnitTests|x86.ActiveCfg = Release|Win32
		{EB56000B-C80B-4E8B-908D-D84D31B517D3}.UnitTests|x86.Build.0 = Release|Win32
		{CB0D9E92-293C-439C-9AC7-C5F59B6E0771}.Debug|Any CPU.ActiveCfg = Debug|Win32
		{CB0D9E92-293C-439C-9AC7-C5F59B6E0771}.Debug|Mixed Platforms.ActiveCfg = Debug|Win32
		{CB0D9E92-293C-439C-9AC7-C5F59B6E0771}.Debug|Mixed Platforms.Build.0 = Debug|Win32
		{CB0D9E92-293C-439C-9AC7-C5F59B6E0771}.Debug|Win32.ActiveCfg = Debug|Win32
		{CB0D9E92-293C-439C-9AC7-C5F59B6E0771}.Debug|Win32.Build.0 = Debug|Win32
		{CB0D9E92-293C-439C-9AC7-C5F59B6E0771}.Debug|x64.ActiveCfg = Debug|x64
		{CB0D9E92-293C-439C-9AC7-C5F59B6E0771}.Debug|x64.Build.0 = Debug|x64
		{CB0D9E92-293C-439C-9AC7-C5F59B6E0771}.Debug|x86.ActiveCfg = Debug|Win32
		{CB0D9E92-293C-439C-9AC7-C5F59B6E0771}.Debug|x86.Build.0 = Debug|Win32
		{CB0D9E92-293C-439C-9AC7-C5F59B6E0771}.Profile|Any CPU.ActiveCfg = Release|Win32
		{CB0D9E92-293C-439C-9AC7-C5F59B6E0771}.Profile|Mixed Platforms.ActiveCfg = Release|Win32
		{CB0D9E92-293C-439C-9AC7-C5F59B6E0771}.Profile|Mixed Platforms.Build.0 = Release|Win32
		{CB0D9E92-293C-439C-9AC7-C5F59B6E0771}.Profile|Win32.ActiveCfg = Release|Win32
		{CB0D9E92-293C-439C-9AC7-C5F59B6E0771}.Profile|Win32.Build.0 = Release|Win32
		{CB0D9E92-293C-439C-9AC7-C5F59B6E0771}.Profile|x64.ActiveCfg = Release|x64
		{CB0D9E92-293C-439C-9AC7-C5F59B6E0771}.Profile|x64.Build.0 = Release|x64
		{CB0D9E92-293C-439C-9AC7-C5F59B6E0771}.Profile|x86.ActiveCfg = Release|Win32
		{CB0D9E92-293C-439C-9AC7-C5F59B6E0771}.Profile|x86.Build.0 = Release|Win32
		{CB0D9E92-293C-439C-9AC7-C5F59B6E0771}.Release|Any CPU.ActiveCfg = Release|Win32
		{CB0D9E92-293C-439C-9AC7-C5F59B6E0771}.Release|Mixed Platforms.ActiveCfg = Release|Win32
		{CB0D9E92-293C-439C-9AC7-C5F59B6E0771}.Release|Mixed Platforms.Build.0 = Release|Win32
		{CB0D9E92-293C-439C-9AC7-C5F59B6E0771}.Release|Win32.ActiveCfg = Release|Win32
		{CB0D9E92-293C-439C-9AC7-C5F59B6E0771}.Release|Win32.Build.0 = Release|Win32
		{CB0D9E92-293C-439C-9AC7-C5F59B6E0771}.Release|x64.ActiveCfg = Release|x64
		{CB0D9E92-293C-439C-9AC7-C5F59B6E0771}.Release|x64.Build.0 = Release|x64
		{CB0D9E92-293C-439C-9AC7-C5F59B6E0771}.Release|x86.ActiveCfg = Release|Win32
		{CB0D9E92-293C-439C-9AC7-C5F59B6E0771}.Release|x86.Build.0 = Release|Win32
		{CB0D9E92-293C-439C-9AC7-C5F59B6E0771}.UnitTests|Any CPU.ActiveCfg = Release|Win32
		{CB0D9E92-293C-439C-9AC7-C5F59B6E0771}.UnitTests|Mixed Platforms.ActiveCfg = Release|Win32
		{CB0D9E92-293C-439C-9AC7-C5F59B6E0771}.UnitTests|Mixed Platforms.Build.0 = Release|Win32
		{CB0D9E92-293C-439C-9AC7-C5F59B6E0771}.UnitTests|Win32.ActiveCfg = Release|Win32
		{CB0D9E92-293C-439C-9AC7-C5F59B6E0771}.UnitTests|Win32.Build.0 = Release|Win32
		{CB0D9E92-293C-439C-9AC7-C5F59B6E0771}.UnitTests|x64.ActiveCfg = Release|x64
		{CB0D9E92-293C-439C-9AC7-C5F59B6E0771}.UnitTests|x64.Build.0 = Release|x64
		{CB0D9E92-293C-439C-9AC7-C5F59B6E0771}.UnitTests|x86.ActiveCfg = Release|Win32
		{CB0D9E92-293C-439C-9AC7-C5F59B6E0771}.UnitTests|x86.Build.0 = Release|Win32
		{8FC2B0C8-51AD-49DF-851F-5D01A77A75E4}.Debug|Any CPU.ActiveCfg = Debug|Win32
		{8FC2B0C8-51AD-49DF-851F-5D01A77A75E4}.Debug|Mixed Platforms.ActiveCfg = Debug|Win32
		{8FC2B0C8-51AD-49DF-851F-5D01A77A75E4}.Debug|Mixed Platforms.Build.0 = Debug|Win32
		{8FC2B0C8-51AD-49DF-851F-5D01A77A75E4}.Debug|Win32.ActiveCfg = Debug|Win32
		{8FC2B0C8-51AD-49DF-851F-5D01A77A75E4}.Debug|Win32.Build.0 = Debug|Win32
		{8FC2B0C8-51AD-49DF-851F-5D01A77A75E4}.Debug|x64.ActiveCfg = Debug|x64
		{8FC2B0C8-51AD-49DF-851F-5D01A77A75E4}.Debug|x64.Build.0 = Debug|x64
		{8FC2B0C8-51AD-49DF-851F-5D01A77A75E4}.Debug|x86.ActiveCfg = Debug|Win32
		{8FC2B0C8-51AD-49DF-851F-5D01A77A75E4}.Debug|x86.Build.0 = Debug|Win32
		{8FC2B0C8-51AD-49DF-851F-5D01A77A75E4}.Profile|Any CPU.ActiveCfg = Release|Win32
		{8FC2B0C8-51AD-49DF-851F-5D01A77A75E4}.Profile|Mixed Platforms.ActiveCfg = Release|Win32
		{8FC2B0C8-51AD-49DF-851F-5D01A77A75E4}.Profile|Mixed Platforms.Build.0 = Release|Win32
		{8FC2B0C8-51AD-49DF-851F-5D01A77A75E4}.Profile|Win32.ActiveCfg = Release|Win32
		{8FC2B0C8-51AD-49DF-851F-5D01A77A75E4}.Profile|Win32.Build.0 = Release|Win32
		{8FC2B0C8-51AD-49DF-851F-5D01A77A75E4}.Profile|x64.ActiveCfg = Release|x64
		{8FC2B0C8-51AD-49DF-851F-5D01A77A75E4}.Profile|x64.Build.0 = Release|x64
		{8FC2B0C8-51AD-49DF-851F-5D01A77A75E4}.Profile|x86.ActiveCfg = Release|Win32
		{8FC2B0C8-51AD-49DF-851F-5D01A77A75E4}.Profile|x86.Build.0 = Release|Win32
		{8FC2B0C8-51AD-49DF-851F-5D01A77A75E4}.Release|Any CPU.ActiveCfg = Release|Win32
		{8FC2B0C8-51AD-49DF-851F-5D01A77A75E4}.Release|Mixed Platforms.ActiveCfg = Release|Win32
		{8FC2B0C8-51AD-49DF-851F-5D01A77A75E4}.Release|Mixed Platforms.Build.0 = Release|Win32
		{8FC2B0C8-51AD-49DF-851F-5D01A77A75E4}.Release|Win32.ActiveCfg = Release|Win32
		{8FC2B0C8-51AD-49DF-851F-5D01A77A75E4}.Release|Win32.Build.0 = Release|Win32
		{8FC2B0C8-51AD-49DF-851F-5D01A77A75E4}.Release|x64.ActiveCfg = Release|x64
		{8FC2B0C8-51AD-49DF-851F-5D01A77A75E4}.Release|x64.Build.0 = Release|x64
		{8FC2B0C8-51AD-49DF-851F-5D01A77A75E4}.Release|x86.ActiveCfg = Release|Win32
		{8FC2B0C8-51AD-49DF-851F-5D01A77A75E4}.Release|x86.Build.0 = Release|Win32
		{8FC2B0C8-51AD-49DF-851F-5D01A77A75E4}.UnitTests|Any CPU.ActiveCfg = Release|Win32
		{8FC2B0C8-51AD-49DF-851F-5D01A77A75E4}.UnitTests|Mixed Platforms.ActiveCfg = Release|Win32
		{8FC2B0C8-51AD-49DF-851F-5D01A77A75E4}.UnitTests|Mixed Platforms.Build.0 = Release|Win32
		{8FC2B0C8-51AD-49DF-851F-5D01A77A75E4}.UnitTests|Win32.ActiveCfg = Release|Win32
		{8FC2B0C8-51AD-49DF-851F-5D01A77A75E4}.UnitTests|Win32.Build.0 = Release|Win32
		{8FC2B0C8-51AD-49DF-851F-5D01A77A75E4}.UnitTests|x64.ActiveCfg = Release|x64
		{8FC2B0C8-51AD-49DF-851F-5D01A77A75E4}.UnitTests|x64.Build.0 = Release|x64
		{8FC2B0C8-51AD-49DF-851F-5D01A77A75E4}.UnitTests|x86.ActiveCfg = Release|Win32
		{8FC2B0C8-51AD-49DF-851F-5D01A77A75E4}.UnitTests|x86.Build.0 = Release|Win32
		{33014734-0F46-4099-9A21-0C989E428681}.Debug|Any CPU.ActiveCfg = Debug|Win32
		{33014734-0F46-4099-9A21-0C989E428681}.Debug|Mixed Platforms.ActiveCfg = Debug|Win32
		{33014734-0F46-4099-9A21-0C989E428681}.Debug|Mixed Platforms.Build.0 = Debug|Win32
		{33014734-0F46-4099-9A21-0C989E428681}.Debug|Win32.ActiveCfg = Debug|Win32
		{33014734-0F46-4099-9A21-0C989E428681}.Debug|Win32.Build.0 = Debug|Win32
		{33014734-0F46-4099-9A21-0C989E428681}.Debug|x64.ActiveCfg = Debug|x64
		{33014734-0F46-4099-9A21-0C989E428681}.Debug|x64.Build.0 = Debug|x64
		{33014734-0F46-4099-9A21-0C989E428681}.Debug|x86.ActiveCfg = Debug|Win32
		{33014734-0F46-4099-9A21-0C989E428681}.Debug|x86.Build.0 = Debug|Win32
		{33014734-0F46-4099-9A21-0C989E428681}.Profile|Any CPU.ActiveCfg = Release|Win32
		{33014734-0F46-4099-9A21-0C989E428681}.Profile|Mixed Platforms.ActiveCfg = Release|Win32
		{33014734-0F46-4099-9A21-0C989E428681}.Profile|Mixed Platforms.Build.0 = Release|Win32
		{33014734-0F46-4099-9A21-0C989E428681}.Profile|Win32.ActiveCfg = Release|Win32
		{33014734-0F46-4099-9A21-0C989E428681}.Profile|Win32.Build.0 = Release|Win32
		{33014734-0F46-4099-9A21-0C989E428681}.Profile|x64.ActiveCfg = Release|x64
		{33014734-0F46-4099-9A21-0C989E428681}.Profile|x64.Build.0 = Release|x64
		{33014734-0F46-4099-9A21-0C989E428681}.Profile|x86.ActiveCfg = Release|Win32
		{33014734-0F46-4099-9A21-0C989E428681}.Profile|x86.Build.0 = Release|Win32
		{33014734-0F46-4099-9A21-0C989E428681}.Release|Any CPU.ActiveCfg = Release|Win32
		{33014734-0F46-4099-9A21-0C989E428681}.Release|Mixed Platforms.ActiveCfg = Release|Win32
		{33014734-0F46-4099-9A21-0C989E428681}.Release|Mixed Platforms.Build.0 = Release|Win32
		{33014734-0F46-4099-9A21-0C989E428681}.Release|Win32.ActiveCfg = Release|Win32
		{33014734-0F46-4099-9A21-0C989E428681}.Release|Win32.Build.0 = Release|Win32
		{33014734-0F46-4099-9A21-0C989E428681}.Release|x64.ActiveCfg = Release|x64
		{33014734-0F46-4099-9A21-0C989E428681}.Release|x64.Build.0 = Release|x64
		{33014734-0F46-4099-9A21-0C989E428681}.Release|x86.ActiveCfg = Release|Win32
		{33014734-0F46-4099-9A21-0C989E428681}.Release|x86.Build.0 = Release|Win32
		{33014734-0F46-4099-9A21-0C989E428681}.UnitTests|Any CPU.ActiveCfg = Release|Win32
		{33014734-0F46-4099-9A21-0C989E428681}.UnitTests|Mixed Platforms.ActiveCfg = Release|Win32
		{33014734-0F46-4099-9A21-0C989E428681}.UnitTests|Mixed Platforms.Build.0 = Release|Win32
		{33014734-0F46-4099-9A21-0C989E428681}.UnitTests|Win32.ActiveCfg = Release|Win32
		{33014734-0F46-4099-9A21-0C989E428681}.UnitTests|Win32.Build.0 = Release|Win32
		{33014734-0F46-4099-9A21-0C989E428681}.UnitTests|x64.ActiveCfg = Release|x64
		{33014734-0F46-4099-9A21-0C989E428681}.UnitTests|x64.Build.0 = Release|x64
		{33014734-0F46-4099-9A21-0C989E428681}.UnitTests|x86.ActiveCfg = Release|Win32
		{33014734-0F46-4099-9A21-0C989E428681}.UnitTests|x86.Build.0 = Release|Win32
		{B7098DFA-31E6-4006-8A15-1C9A4E925149}.Debug|Any CPU.ActiveCfg = Debug|Win32
		{B7098DFA-31E6-4006-8A15-1C9A4E925149}.Debug|Mixed Platforms.ActiveCfg = Debug|Win32
		{B7098DFA-31E6-4006-8A15-1C9A4E925149}.Debug|Mixed Platforms.Build.0 = Debug|Win32
		{B7098DFA-31E6-4006-8A15-1C9A4E925149}.Debug|Win32.ActiveCfg = Debug|Win32
		{B7098DFA-31E6-4006-8A15-1C9A4E925149}.Debug|Win32.Build.0 = Debug|Win32
		{B7098DFA-31E6-4006-8A15-1C9A4E925149}.Debug|x64.ActiveCfg = Debug|x64
		{B7098DFA-31E6-4006-8A15-1C9A4E925149}.Debug|x64.Build.0 = Debug|x64
		{B7098DFA-31E6-4006-8A15-1C9A4E925149}.Debug|x86.ActiveCfg = Debug|Win32
		{B7098DFA-31E6-4006-8A15-1C9A4E925149}.Debug|x86.Build.0 = Debug|Win32
		{B7098DFA-31E6-4006-8A15-1C9A4E925149}.Profile|Any CPU.ActiveCfg = Release|Win32
		{B7098DFA-31E6-4006-8A15-1C9A4E925149}.Profile|Mixed Platforms.ActiveCfg = Release|Win32
		{B7098DFA-31E6-4006-8A15-1C9A4E925149}.Profile|Mixed Platforms.Build.0 = Release|Win32
		{B7098DFA-31E6-4006-8A15-1C9A4E925149}.Profile|Win32.ActiveCfg = Release|Win32
		{B7098DFA-31E6-4006-8A15-1C9A4E925149}.Profile|Win32.Build.0 = Release|Win32
		{B7098DFA-31E6-4006-8A15-1C9A4E925149}.Profile|x64.ActiveCfg = Release|x64
		{B7098DFA-31E6-4006-8A15-1C9A4E925149}.Profile|x64.Build.0 = Release|x64
		{B7098DFA-31E6-4006-8A15-1C9A4E925149}.Profile|x86.ActiveCfg = Release|Win32
		{B7098DFA-31E6-4006-8A15-1C9A4E925149}.Profile|x86.Build.0 = Release|Win32
		{B7098DFA-31E6-4006-8A15-1C9A4E925149}.Release|Any CPU.ActiveCfg = Release|Win32
		{B7098DFA-31E6-4006-8A15-1C9A4E925149}.Release|Mixed Platforms.ActiveCfg = Release|Win32
		{B7098DFA-31E6-4006-8A15-1C9A4E925149}.Release|Mixed Platforms.Build.0 = Release|Win32
		{B7098DFA-31E6-4006-8A15-1C9A4E925149}.Release|Win32.ActiveCfg = Release|Win32
		{B7098DFA-31E6-4006-8A15-1C9A4E925149}.Release|Win32.Build.0 = Release|Win32
		{B7098DFA-31E6-4006-8A15-1C9A4E925149}.Release|x64.ActiveCfg = Release|x64
		{B7098DFA-31E6-4006-8A15-1C9A4E925149}.Release|x64.Build.0 = Release|x64
		{B7098DFA-31E6-4006-8A15-1C9A4E925149}.Release|x86.ActiveCfg = Release|Win32
		{B7098DFA-31E6-4006-8A15-1C9A4E925149}.Release|x86.Build.0 = Release|Win32
		{B7098DFA-31E6-4006-8A15-1C9A4E925149}.UnitTests|Any CPU.ActiveCfg = Release|Win32
		{B7098DFA-31E6-4006-8A15-1C9A4E925149}.UnitTests|Mixed Platforms.ActiveCfg = Release|Win32
		{B7098DFA-31E6-4006-8A15-1C9A4E925149}.UnitTests|Mixed Platforms.Build.0 = Release|Win32
		{B7098DFA-31E6-4006-8A15-1C9A4E925149}.UnitTests|Win32.ActiveCfg = Release|Win32
		{B7098DFA-31E6-4006-8A15-1C9A4E925149}.UnitTests|Win32.Build.0 = Release|Win32
		{B7098DFA-31E6-4006-8A15-1C9A4E925149}.UnitTests|x64.ActiveCfg = Release|x64
		{B7098DFA-31E6-4006-8A15-1C9A4E925149}.UnitTests|x64.Build.0 = Release|x64
		{B7098DFA-31E6-4006-8A15-1C9A4E925149}.UnitTests|x86.ActiveCfg = Release|Win32
		{B7098DFA-31E6-4006-8A15-1C9A4E925149}.UnitTests|x86.Build.0 = Release|Win32
	EndGlobalSection
	GlobalSection(SolutionProperties) = preSolution
		HideSolutionNode = FALSE
	EndGlobalSection
	GlobalSection(NestedProjects) = preSolution
		{AEB958D4-45CA-478B-BA8E-D0E897CE974B} = {B7E82CAA-B45D-4CF5-A700-57B7B3FE4033}
		{498187B3-E46F-45FA-A202-992AE9FDA01A} = {B7E82CAA-B45D-4CF5-A700-57B7B3FE4033}
		{A0504507-678E-44B5-9517-F89EB8575D3F} = {42CB6498-6C9A-49FF-A49C-8CD7C7C25EC3}
		{EFA030F1-B5C6-410D-B217-6F40887CC8A5} = {B329A376-1AD7-4107-84BE-CE94AE958B82}
		{350F8370-E0BA-4C86-97A5-55C94BDAC365} = {4CBB8C51-B3E7-414E-93EC-1078DC4F8126}
		{A0EDDCD9-940F-432C-A28F-7EF322437D79} = {4CBB8C51-B3E7-414E-93EC-1078DC4F8126}
		{739FF959-0F5D-475D-B4A2-4AE047B0382B} = {4CBB8C51-B3E7-414E-93EC-1078DC4F8126}
		{C36612BD-22D3-4B95-85E2-7FDC4FC5D739} = {350F8370-E0BA-4C86-97A5-55C94BDAC365}
		{158073ED-99AE-4196-9EDC-DDB2344F8466} = {350F8370-E0BA-4C86-97A5-55C94BDAC365}
		{EB56000B-C80B-4E8B-908D-D84D31B517D3} = {350F8370-E0BA-4C86-97A5-55C94BDAC365}
		{CB0D9E92-293C-439C-9AC7-C5F59B6E0771} = {350F8370-E0BA-4C86-97A5-55C94BDAC365}
		{8FC2B0C8-51AD-49DF-851F-5D01A77A75E4} = {350F8370-E0BA-4C86-97A5-55C94BDAC365}
		{33014734-0F46-4099-9A21-0C989E428681} = {350F8370-E0BA-4C86-97A5-55C94BDAC365}
		{B7098DFA-31E6-4006-8A15-1C9A4E925149} = {739FF959-0F5D-475D-B4A2-4AE047B0382B}
	EndGlobalSection
	GlobalSection(ExtensibilityGlobals) = postSolution
		DPBuild = 5
	EndGlobalSection
	GlobalSection(DevPartner Solution Properties) = postSolution
	EndGlobalSection
	GlobalSection(DevPartner) = postSolution
	EndGlobalSection
	GlobalSection(DevPartner) = postSolution
	EndGlobalSection
	GlobalSection(DevPartner) = postSolution
	EndGlobalSection
	GlobalSection(DevPartner) = postSolution
	EndGlobalSection
	GlobalSection(DevPartner) = postSolution
	EndGlobalSection
	GlobalSection(DevPartner) = postSolution
	EndGlobalSection
	GlobalSection(DevPartner) = postSolution
	EndGlobalSection
	GlobalSection(DevPartner) = postSolution
	EndGlobalSection
	GlobalSection(DevPartner) = postSolution
	EndGlobalSection
	GlobalSection(DevPartner) = postSolution
	EndGlobalSection
	GlobalSection(DevPartner) = postSolution
	EndGlobalSection
	GlobalSection(DevPartner) = postSolution
	EndGlobalSection
	GlobalSection(DevPartner) = postSolution
	EndGlobalSection
	GlobalSection(DevPartner) = postSolution
	EndGlobalSection
	GlobalSection(DevPartner) = postSolution
	EndGlobalSection
	GlobalSection(DevPartner) = postSolution
	EndGlobalSection
	GlobalSection(DevPartner) = postSolution
	EndGlobalSection
EndGlobal
