<?xml version="1.0" encoding="utf-8"?>
<Project ToolsVersion="4.0" xmlns="http://schemas.microsoft.com/developer/msbuild/2003">
  <ItemGroup>
    <ClInclude Include="stdafx.h" />
    <ClInclude Include="MonoPathUtils.h">
      <Filter>Utils</Filter>
    </ClInclude>
    <ClInclude Include="Headers\IMonoScript.h">
      <Filter>Interfaces</Filter>
    </ClInclude>
    <ClInclude Include="Headers\IMonoScriptBind.h">
      <Filter>Interfaces</Filter>
    </ClInclude>
    <ClInclude Include="MonoString.h">
      <Filter>Wrappers</Filter>
    </ClInclude>
    <ClInclude Include="MonoAssembly.h">
      <Filter>Wrappers</Filter>
    </ClInclude>
    <ClInclude Include="MonoClass.h">
      <Filter>Wrappers</Filter>
    </ClInclude>
    <ClInclude Include="resource.h" />
    <ClInclude Include="Scriptbinds\ActorSystem.h">
      <Filter>ScriptBinds</Filter>
    </ClInclude>
    <ClInclude Include="Scriptbinds\GameRulesSystem.h">
      <Filter>ScriptBinds</Filter>
    </ClInclude>
    <ClInclude Include="Scriptbinds\ItemSystem.h">
      <Filter>ScriptBinds</Filter>
    </ClInclude>
    <ClInclude Include="MonoEntityClass.h">
      <Filter>EntitySystem</Filter>
    </ClInclude>
    <ClInclude Include="MonoEntityEventHandler.h">
      <Filter>EntitySystem</Filter>
    </ClInclude>
    <ClInclude Include="MonoObject.h">
      <Filter>Wrappers</Filter>
    </ClInclude>
    <ClInclude Include="Scriptbinds\Console.h">
      <Filter>ScriptBinds</Filter>
    </ClInclude>
    <ClInclude Include="MonoEntityPropertyHandler.h">
      <Filter>EntitySystem</Filter>
    </ClInclude>
    <ClInclude Include="MonoScript.h">
      <Filter>Wrappers</Filter>
    </ClInclude>
    <ClInclude Include="Headers\IMonoScriptSystem.h">
      <Filter>Interfaces</Filter>
    </ClInclude>
    <ClInclude Include="MonoScriptSystem.h">
      <Filter>Mono</Filter>
    </ClInclude>
    <ClInclude Include="Headers\IMonoArray.h">
      <Filter>Interfaces</Filter>
    </ClInclude>
    <ClInclude Include="Headers\IMonoObject.h">
      <Filter>Interfaces</Filter>
    </ClInclude>
    <ClInclude Include="MonoArray.h">
      <Filter>Wrappers</Filter>
    </ClInclude>
    <ClInclude Include="Headers\IMonoClass.h">
      <Filter>Interfaces</Filter>
    </ClInclude>
    <ClInclude Include="Headers\IMonoAssembly.h">
      <Filter>Interfaces</Filter>
    </ClInclude>
    <ClInclude Include="MonoTester.h">
      <Filter>Mono</Filter>
    </ClInclude>
    <ClInclude Include="CallbackHandler.h">
      <Filter>Mono\Callbacks</Filter>
    </ClInclude>
    <ClInclude Include="Headers\IMonoEntityManager.h">
      <Filter>Interfaces\Subsystems</Filter>
    </ClInclude>
    <ClInclude Include="EntityManager.h">
      <Filter>EntitySystem</Filter>
    </ClInclude>
  </ItemGroup>
  <ItemGroup>
    <ClCompile Include="stdafx.cpp" />
    <ClCompile Include="CemonoDll.cpp" />
    <ClCompile Include="MonoAssembly.cpp">
      <Filter>Wrappers</Filter>
    </ClCompile>
    <ClCompile Include="MonoClass.cpp">
      <Filter>Wrappers</Filter>
    </ClCompile>
    <ClCompile Include="Scriptbinds\ActorSystem.cpp">
      <Filter>ScriptBinds</Filter>
    </ClCompile>
    <ClCompile Include="Scriptbinds\GameRulesSystem.cpp">
      <Filter>ScriptBinds</Filter>
    </ClCompile>
    <ClCompile Include="Scriptbinds\ItemSystem.cpp">
      <Filter>ScriptBinds</Filter>
    </ClCompile>
    <ClCompile Include="MonoEntityClass.cpp">
      <Filter>EntitySystem</Filter>
    </ClCompile>
    <ClCompile Include="Scriptbinds\Console.cpp">
      <Filter>ScriptBinds</Filter>
    </ClCompile>
    <ClCompile Include="MonoEntityPropertyHandler.cpp">
      <Filter>EntitySystem</Filter>
    </ClCompile>
    <ClCompile Include="MonoScript.cpp">
      <Filter>Wrappers</Filter>
    </ClCompile>
    <ClCompile Include="MonoArray.cpp">
      <Filter>Wrappers</Filter>
    </ClCompile>
    <ClCompile Include="MonoTester.cpp">
      <Filter>Mono</Filter>
    </ClCompile>
    <ClCompile Include="CallbackHandler.cpp">
      <Filter>Mono\Callbacks</Filter>
    </ClCompile>
    <ClCompile Include="MonoScriptSystem.cpp">
      <Filter>Mono</Filter>
    </ClCompile>
    <ClCompile Include="EntityManager.cpp">
      <Filter>EntitySystem</Filter>
    </ClCompile>
  </ItemGroup>
  <ItemGroup>
    <Filter Include="Utils">
      <UniqueIdentifier>{f5895699-5c0e-4777-9f3e-d51287474e8a}</UniqueIdentifier>
    </Filter>
    <Filter Include="Mono">
      <UniqueIdentifier>{2de1619b-2f0c-4705-a8e5-59c8778b080d}</UniqueIdentifier>
    </Filter>
    <Filter Include="ScriptBinds">
      <UniqueIdentifier>{b74b7f2e-21ba-41b0-bfc0-0c6746e17f19}</UniqueIdentifier>
    </Filter>
    <Filter Include="Wrappers">
      <UniqueIdentifier>{399bdcdf-4fb8-4ed3-83c1-f29f83c7c09b}</UniqueIdentifier>
    </Filter>
    <Filter Include="Interfaces">
      <UniqueIdentifier>{2274758e-72ad-46e0-8409-df6cebf00772}</UniqueIdentifier>
    </Filter>
    <Filter Include="Mono\Callbacks">
      <UniqueIdentifier>{f40082af-b3c5-4cbe-a79c-19b63a0de8f6}</UniqueIdentifier>
    </Filter>
    <Filter Include="EntitySystem">
      <UniqueIdentifier>{f5c2f1b4-f7f2-4f27-be93-8c656a23cdb2}</UniqueIdentifier>
    </Filter>
    <Filter Include="Interfaces\Subsystems">
      <UniqueIdentifier>{c8d89b01-9d52-4b04-b3e0-3b66f52199f0}</UniqueIdentifier>
    </Filter>
  </ItemGroup>
  <ItemGroup>
    <ResourceCompile Include="CryMono.rc" />
  </ItemGroup>
</Project>