<?xml version="1.0" encoding="utf-8"?>
<Project ToolsVersion="4.0" xmlns="http://schemas.microsoft.com/developer/msbuild/2003">
  <ItemGroup>
    <ClInclude Include="stdafx.h" />
    <ClInclude Include="Headers\IMonoScriptBind.h">
      <Filter>Interfaces</Filter>
    </ClInclude>
    <ClInclude Include="MonoAssembly.h">
      <Filter>Wrappers</Filter>
    </ClInclude>
    <ClInclude Include="MonoClass.h">
      <Filter>Wrappers</Filter>
    </ClInclude>
    <ClInclude Include="resource.h" />
    <ClInclude Include="MonoEntityClass.h">
      <Filter>EntitySystem</Filter>
    </ClInclude>
    <ClInclude Include="MonoEntityEventHandler.h">
      <Filter>EntitySystem</Filter>
    </ClInclude>
    <ClInclude Include="MonoObject.h">
      <Filter>Wrappers</Filter>
    </ClInclude>
    <ClInclude Include="MonoEntityPropertyHandler.h">
      <Filter>EntitySystem</Filter>
    </ClInclude>
    <ClInclude Include="Headers\IMonoScriptSystem.h">
      <Filter>Interfaces</Filter>
    </ClInclude>
    <ClInclude Include="MonoScriptSystem.h">
      <Filter>Mono</Filter>
    </ClInclude>
    <ClInclude Include="Headers\IMonoArray.h">
      <Filter>Interfaces</Filter>
    </ClInclude>
    <ClInclude Include="Headers\IMonoObject.h">
      <Filter>Interfaces</Filter>
    </ClInclude>
    <ClInclude Include="MonoArray.h">
      <Filter>Wrappers</Filter>
    </ClInclude>
    <ClInclude Include="Headers\IMonoAssembly.h">
      <Filter>Interfaces</Filter>
    </ClInclude>
    <ClInclude Include="FlowManager.h">
      <Filter>FlowSystem</Filter>
    </ClInclude>
    <ClInclude Include="MonoFlowNode.h">
      <Filter>FlowSystem</Filter>
    </ClInclude>
    <ClInclude Include="Headers\MonoCommon.h">
      <Filter>Interfaces</Filter>
    </ClInclude>
    <ClInclude Include="Headers\IMonoConverter.h">
      <Filter>Interfaces</Filter>
    </ClInclude>
    <ClInclude Include="MonoConverter.h">
      <Filter>Mono</Filter>
    </ClInclude>
    <ClInclude Include="Headers\MonoAnyValue.h">
      <Filter>Interfaces</Filter>
    </ClInclude>
    <ClInclude Include="MonoEntity.h">
      <Filter>EntitySystem</Filter>
    </ClInclude>
    <ClInclude Include="MonoCVars.h">
      <Filter>Mono</Filter>
    </ClInclude>
    <ClInclude Include="PathUtils.h">
      <Filter>Utils</Filter>
    </ClInclude>
    <ClInclude Include="Scriptbinds\Debug.h">
      <Filter>ScriptBinds\Utils</Filter>
    </ClInclude>
    <ClInclude Include="Scriptbinds\Console.h">
      <Filter>ScriptBinds\Utils</Filter>
    </ClInclude>
    <ClInclude Include="Scriptbinds\3DEngine.h">
      <Filter>ScriptBinds\3DEngine</Filter>
    </ClInclude>
    <ClInclude Include="Scriptbinds\ParticleSystem.h">
      <Filter>ScriptBinds\3DEngine</Filter>
    </ClInclude>
    <ClInclude Include="ScriptBinds\MaterialManager.h">
      <Filter>ScriptBinds\3DEngine</Filter>
    </ClInclude>
    <ClInclude Include="Scriptbinds\Renderer.h">
      <Filter>ScriptBinds\Viewport</Filter>
    </ClInclude>
    <ClInclude Include="Scriptbinds\ViewSystem.h">
      <Filter>ScriptBinds\Viewport</Filter>
    </ClInclude>
    <ClInclude Include="Scriptbinds\GameRules.h">
      <Filter>ScriptBinds\Game Logic</Filter>
    </ClInclude>
    <ClInclude Include="Scriptbinds\ItemSystem.h">
      <Filter>ScriptBinds\Game Logic</Filter>
    </ClInclude>
    <ClInclude Include="Scriptbinds\ActorSystem.h">
      <Filter>ScriptBinds\Game Logic</Filter>
    </ClInclude>
    <ClInclude Include="FlowBaseNode.h">
      <Filter>FlowSystem</Filter>
    </ClInclude>
    <ClInclude Include="Headers\IMonoDomain.h">
      <Filter>Interfaces</Filter>
    </ClInclude>
    <ClInclude Include="MonoInput.h">
      <Filter>ScriptBinds</Filter>
    </ClInclude>
    <ClInclude Include="MonoDomain.h">
      <Filter>Wrappers</Filter>
    </ClInclude>
    <ClInclude Include="Actor.h">
      <Filter>ActorSystem</Filter>
    </ClInclude>
    <ClInclude Include="Scriptbinds\LevelSystem.h">
      <Filter>ScriptBinds</Filter>
    </ClInclude>
    <ClInclude Include="Scriptbinds\UI.h">
      <Filter>ScriptBinds\Viewport\UI</Filter>
    </ClInclude>
    <ClInclude Include="Scriptbinds\Physics.h">
      <Filter>ScriptBinds</Filter>
    </ClInclude>
    <ClInclude Include="Scriptbinds\Entity.h">
      <Filter>ScriptBinds</Filter>
    </ClInclude>
    <ClInclude Include="Headers\IMonoClass.h">
      <Filter>Interfaces</Filter>
    </ClInclude>
    <ClInclude Include="Scriptbinds\Time.h">
      <Filter>ScriptBinds\Utils</Filter>
    </ClInclude>
    <ClInclude Include="Scriptbinds\ScriptTable.h">
      <Filter>ScriptBinds</Filter>
    </ClInclude>
    <ClInclude Include="Scriptbinds\Network.h">
      <Filter>ScriptBinds</Filter>
    </ClInclude>
  </ItemGroup>
  <ItemGroup>
    <ClCompile Include="stdafx.cpp" />
    <ClCompile Include="MonoAssembly.cpp">
      <Filter>Wrappers</Filter>
    </ClCompile>
    <ClCompile Include="MonoClass.cpp">
      <Filter>Wrappers</Filter>
    </ClCompile>
    <ClCompile Include="MonoEntityClass.cpp">
      <Filter>EntitySystem</Filter>
    </ClCompile>
    <ClCompile Include="MonoEntityPropertyHandler.cpp">
      <Filter>EntitySystem</Filter>
    </ClCompile>
    <ClCompile Include="MonoArray.cpp">
      <Filter>Wrappers</Filter>
    </ClCompile>
    <ClCompile Include="MonoScriptSystem.cpp">
      <Filter>Mono</Filter>
    </ClCompile>
    <ClCompile Include="FlowManager.cpp">
      <Filter>FlowSystem</Filter>
    </ClCompile>
    <ClCompile Include="MonoFlowNode.cpp">
      <Filter>FlowSystem</Filter>
    </ClCompile>
    <ClCompile Include="MonoObject.cpp">
      <Filter>Wrappers</Filter>
    </ClCompile>
    <ClCompile Include="CryMonoDll.cpp" />
    <ClCompile Include="MonoConverter.cpp">
      <Filter>Mono</Filter>
    </ClCompile>
    <ClCompile Include="MonoEntity.cpp">
      <Filter>EntitySystem</Filter>
    </ClCompile>
    <ClCompile Include="MonoCVars.cpp">
      <Filter>Mono</Filter>
    </ClCompile>
    <ClCompile Include="Scriptbinds\Console.cpp">
      <Filter>ScriptBinds\Utils</Filter>
    </ClCompile>
    <ClCompile Include="Scriptbinds\Debug.cpp">
      <Filter>ScriptBinds\Utils</Filter>
    </ClCompile>
    <ClCompile Include="Scriptbinds\3DEngine.cpp">
      <Filter>ScriptBinds\3DEngine</Filter>
    </ClCompile>
    <ClCompile Include="ScriptBinds\MaterialManager.cpp">
      <Filter>ScriptBinds\3DEngine</Filter>
    </ClCompile>
    <ClCompile Include="Scriptbinds\ParticleSystem.cpp">
      <Filter>ScriptBinds\3DEngine</Filter>
    </ClCompile>
    <ClCompile Include="Scriptbinds\Renderer.cpp">
      <Filter>ScriptBinds\Viewport</Filter>
    </ClCompile>
    <ClCompile Include="Scriptbinds\ViewSystem.cpp">
      <Filter>ScriptBinds\Viewport</Filter>
    </ClCompile>
    <ClCompile Include="Scriptbinds\GameRules.cpp">
      <Filter>ScriptBinds\Game Logic</Filter>
    </ClCompile>
    <ClCompile Include="Scriptbinds\ItemSystem.cpp">
      <Filter>ScriptBinds\Game Logic</Filter>
    </ClCompile>
    <ClCompile Include="Scriptbinds\ActorSystem.cpp">
      <Filter>ScriptBinds\Game Logic</Filter>
    </ClCompile>
    <ClCompile Include="MonoInput.cpp">
      <Filter>ScriptBinds</Filter>
    </ClCompile>
    <ClCompile Include="MonoDomain.cpp">
      <Filter>Wrappers</Filter>
    </ClCompile>
    <ClCompile Include="Actor.cpp">
      <Filter>ActorSystem</Filter>
    </ClCompile>
    <ClCompile Include="Scriptbinds\LevelSystem.cpp">
      <Filter>ScriptBinds</Filter>
    </ClCompile>
    <ClCompile Include="Scriptbinds\UI.cpp">
      <Filter>ScriptBinds\Viewport\UI</Filter>
    </ClCompile>
    <ClCompile Include="Scriptbinds\Physics.cpp">
      <Filter>ScriptBinds</Filter>
    </ClCompile>
    <ClCompile Include="Scriptbinds\Entity.cpp">
      <Filter>ScriptBinds</Filter>
    </ClCompile>
    <ClCompile Include="Scriptbinds\ScriptTable.cpp">
      <Filter>ScriptBinds</Filter>
    </ClCompile>
    <ClCompile Include="Scriptbinds\Network.cpp">
      <Filter>ScriptBinds</Filter>
    </ClCompile>
  </ItemGroup>
  <ItemGroup>
    <Filter Include="ScriptBinds">
      <UniqueIdentifier>{b74b7f2e-21ba-41b0-bfc0-0c6746e17f19}</UniqueIdentifier>
    </Filter>
    <Filter Include="Wrappers">
      <UniqueIdentifier>{399bdcdf-4fb8-4ed3-83c1-f29f83c7c09b}</UniqueIdentifier>
    </Filter>
    <Filter Include="EntitySystem">
      <UniqueIdentifier>{f5c2f1b4-f7f2-4f27-be93-8c656a23cdb2}</UniqueIdentifier>
    </Filter>
    <Filter Include="FlowSystem">
      <UniqueIdentifier>{e86e83fb-fa9c-4662-9e45-e9f845946fc0}</UniqueIdentifier>
    </Filter>
    <Filter Include="Utils">
      <UniqueIdentifier>{aa1f26db-41b9-4103-b477-74ef21bd29e0}</UniqueIdentifier>
    </Filter>
    <Filter Include="Mono">
      <UniqueIdentifier>{2de1619b-2f0c-4705-a8e5-59c8778b080d}</UniqueIdentifier>
    </Filter>
    <Filter Include="ScriptBinds\Utils">
      <UniqueIdentifier>{76693c78-6092-4e31-8c05-8e5226c91219}</UniqueIdentifier>
    </Filter>
    <Filter Include="ScriptBinds\3DEngine">
      <UniqueIdentifier>{207f7768-8653-4b64-9c28-89e7f0d7ee80}</UniqueIdentifier>
    </Filter>
    <Filter Include="ScriptBinds\Viewport">
      <UniqueIdentifier>{dfe4c9b2-942b-4107-a837-8df22e11c60f}</UniqueIdentifier>
    </Filter>
    <Filter Include="ScriptBinds\Game Logic">
      <UniqueIdentifier>{55fd45df-3f95-4840-8eab-7d7170031ae0}</UniqueIdentifier>
    </Filter>
    <Filter Include="Interfaces">
      <UniqueIdentifier>{2274758e-72ad-46e0-8409-df6cebf00772}</UniqueIdentifier>
    </Filter>
    <Filter Include="ActorSystem">
      <UniqueIdentifier>{7519e88b-de7a-4729-919b-85c4612989e9}</UniqueIdentifier>
    </Filter>
    <Filter Include="ScriptBinds\Viewport\UI">
      <UniqueIdentifier>{35c9343f-03fb-4c50-9c85-fa0b95fafeb7}</UniqueIdentifier>
    </Filter>
  </ItemGroup>
</Project>