<?xml version="1.0" encoding="utf-8"?>
<Project ToolsVersion="4.0" xmlns="http://schemas.microsoft.com/developer/msbuild/2003">
  <ItemGroup>
    <ClCompile Include="StdAfx.cpp" />
    <ClCompile Include="GameDll.cpp" />
    <ClCompile Include="Game.cpp" />
    <ClCompile Include="Mono.cpp">
      <Filter>Mono</Filter>
    </ClCompile>
    <ClCompile Include="MonoLogging.cpp">
      <Filter>Mono\Console</Filter>
    </ClCompile>
    <ClCompile Include="DllMain.cpp" />
    <ClCompile Include="FGPSHandler.cpp">
      <Filter>Mono\FGPS</Filter>
    </ClCompile>
    <ClCompile Include="MonoFlowBaseNode.cpp">
      <Filter>Mono\FGPS\Base</Filter>
    </ClCompile>
  </ItemGroup>
  <ItemGroup>
    <ClInclude Include="StdAfx.h" />
    <ClInclude Include="Game.h" />
    <ClInclude Include="Mono.h">
      <Filter>Mono</Filter>
    </ClInclude>
    <ClInclude Include="MonoLogging.h">
      <Filter>Mono\Console</Filter>
    </ClInclude>
    <ClInclude Include="IMonoAPIBinding.h">
      <Filter>Mono</Filter>
    </ClInclude>
    <ClInclude Include="FGPlugin\Common\PluginCommon.h">
      <Filter>FGPS_Legacy</Filter>
    </ClInclude>
    <ClInclude Include="FGPSHandler.h">
      <Filter>Mono\FGPS</Filter>
    </ClInclude>
    <ClInclude Include="PathUtils.h">
      <Filter>Utils &amp; Properties</Filter>
    </ClInclude>
    <ClInclude Include="Properties.h">
      <Filter>Utils &amp; Properties</Filter>
    </ClInclude>
    <ClInclude Include="MonoFlowBaseNode.h">
      <Filter>Mono\FGPS\Base</Filter>
    </ClInclude>
    <ClInclude Include="FlowBaseNode.h">
      <Filter>Mono\FGPS\Base</Filter>
    </ClInclude>
  </ItemGroup>
  <ItemGroup>
    <Filter Include="Mono">
      <UniqueIdentifier>{dbb519bc-bdb4-41bb-81b3-2bbeb70a2705}</UniqueIdentifier>
    </Filter>
    <Filter Include="Mono\Console">
      <UniqueIdentifier>{eb0ad671-ce78-4376-ab80-d4b7b7d33432}</UniqueIdentifier>
    </Filter>
    <Filter Include="FGPS_Legacy">
      <UniqueIdentifier>{5e5ae2e4-94f9-4e83-b60c-c3b58343c53b}</UniqueIdentifier>
    </Filter>
    <Filter Include="Mono\FGPS">
      <UniqueIdentifier>{94934d4e-f6f9-4113-8152-22e09d8f2dd1}</UniqueIdentifier>
    </Filter>
    <Filter Include="Utils &amp; Properties">
      <UniqueIdentifier>{4efc7b4d-2e65-43b9-b3fc-3f70986420af}</UniqueIdentifier>
    </Filter>
    <Filter Include="Mono\FGPS\Base">
      <UniqueIdentifier>{0a996f6b-12ae-4460-88d1-84afc27da7d7}</UniqueIdentifier>
    </Filter>
  </ItemGroup>
  <ItemGroup>
    <Library Include="mono.lib">
      <Filter>Mono</Filter>
    </Library>
  </ItemGroup>
</Project>