
Microsoft Visual Studio Solution File, Format Version 11.00
# Visual Studio 2010
Project("{FAE04EC0-301F-11D3-BF4B-00C04F79EFBC}") = "BaseClassLibrary", "managed\BaseClassLibrary\BaseClassLibrary.csproj", "{4A7993B3-6611-4D9D-B8AB-836D6C27B12B}"
EndProject
Project("{FAE04EC0-301F-11D3-BF4B-00C04F79EFBC}") = "BaseClassLibrary.Tests", "managed\BaseClassLibrary.Tests\BaseClassLibrary.Tests.csproj", "{3D1CFCF9-D060-46B9-AD43-A5418BD1823B}"
EndProject
Project("{FAE04EC0-301F-11D3-BF4B-00C04F79EFBC}") = "Manager", "managed\Manager\Manager.csproj", "{17C0D534-9049-4572-9385-863FB2F6F6D5}"
EndProject
Project("{FAE04EC0-301F-11D3-BF4B-00C04F79EFBC}") = "Manager.Tests", "managed\Manager.Tests\Manager.Tests.csproj", "{B3512C8F-527E-48CF-BD90-0CA77B8E17B5}"
EndProject
Project("{8BC9CEB8-8B4A-11D0-8D11-00A0C91BC942}") = "GameDll", "native\GameDll\GameDll.vcxproj", "{0A626603-18B8-41F4-ACFB-0ABE9C4569F5}"
EndProject
Project("{FAE04EC0-301F-11D3-BF4B-00C04F79EFBC}") = "SampleGame", "E:\Games\Crysis Wars\Mods\cemono\Game\Logic\SampleGame.csproj", "{0EE09A93-C7AC-4FF6-8A0A-159DB963C883}"
EndProject
Global
	GlobalSection(SolutionConfigurationPlatforms) = preSolution
		Debug|Any CPU = Debug|Any CPU
		Debug|Mixed Platforms = Debug|Mixed Platforms
		Debug|Win32 = Debug|Win32
		Release|Any CPU = Release|Any CPU
		Release|Mixed Platforms = Release|Mixed Platforms
		Release|Win32 = Release|Win32
	EndGlobalSection
	GlobalSection(ProjectConfigurationPlatforms) = postSolution
		{4A7993B3-6611-4D9D-B8AB-836D6C27B12B}.Debug|Any CPU.ActiveCfg = Debug|Any CPU
		{4A7993B3-6611-4D9D-B8AB-836D6C27B12B}.Debug|Any CPU.Build.0 = Debug|Any CPU
		{4A7993B3-6611-4D9D-B8AB-836D6C27B12B}.Debug|Mixed Platforms.ActiveCfg = Debug|Any CPU
		{4A7993B3-6611-4D9D-B8AB-836D6C27B12B}.Debug|Mixed Platforms.Build.0 = Debug|Any CPU
		{4A7993B3-6611-4D9D-B8AB-836D6C27B12B}.Debug|Win32.ActiveCfg = Debug|Any CPU
		{4A7993B3-6611-4D9D-B8AB-836D6C27B12B}.Release|Any CPU.ActiveCfg = Release|Any CPU
		{4A7993B3-6611-4D9D-B8AB-836D6C27B12B}.Release|Any CPU.Build.0 = Release|Any CPU
		{4A7993B3-6611-4D9D-B8AB-836D6C27B12B}.Release|Mixed Platforms.ActiveCfg = Release|Any CPU
		{4A7993B3-6611-4D9D-B8AB-836D6C27B12B}.Release|Mixed Platforms.Build.0 = Release|Any CPU
		{4A7993B3-6611-4D9D-B8AB-836D6C27B12B}.Release|Win32.ActiveCfg = Release|Any CPU
		{3D1CFCF9-D060-46B9-AD43-A5418BD1823B}.Debug|Any CPU.ActiveCfg = Debug|Any CPU
		{3D1CFCF9-D060-46B9-AD43-A5418BD1823B}.Debug|Any CPU.Build.0 = Debug|Any CPU
		{3D1CFCF9-D060-46B9-AD43-A5418BD1823B}.Debug|Mixed Platforms.ActiveCfg = Debug|Any CPU
		{3D1CFCF9-D060-46B9-AD43-A5418BD1823B}.Debug|Mixed Platforms.Build.0 = Debug|Any CPU
		{3D1CFCF9-D060-46B9-AD43-A5418BD1823B}.Debug|Win32.ActiveCfg = Debug|Any CPU
		{3D1CFCF9-D060-46B9-AD43-A5418BD1823B}.Release|Any CPU.ActiveCfg = Release|Any CPU
		{3D1CFCF9-D060-46B9-AD43-A5418BD1823B}.Release|Any CPU.Build.0 = Release|Any CPU
		{3D1CFCF9-D060-46B9-AD43-A5418BD1823B}.Release|Mixed Platforms.ActiveCfg = Release|Any CPU
		{3D1CFCF9-D060-46B9-AD43-A5418BD1823B}.Release|Mixed Platforms.Build.0 = Release|Any CPU
		{3D1CFCF9-D060-46B9-AD43-A5418BD1823B}.Release|Win32.ActiveCfg = Release|Any CPU
		{17C0D534-9049-4572-9385-863FB2F6F6D5}.Debug|Any CPU.ActiveCfg = Debug|Any CPU
		{17C0D534-9049-4572-9385-863FB2F6F6D5}.Debug|Any CPU.Build.0 = Debug|Any CPU
		{17C0D534-9049-4572-9385-863FB2F6F6D5}.Debug|Mixed Platforms.ActiveCfg = Debug|Any CPU
		{17C0D534-9049-4572-9385-863FB2F6F6D5}.Debug|Mixed Platforms.Build.0 = Debug|Any CPU
		{17C0D534-9049-4572-9385-863FB2F6F6D5}.Debug|Win32.ActiveCfg = Debug|Any CPU
		{17C0D534-9049-4572-9385-863FB2F6F6D5}.Release|Any CPU.ActiveCfg = Release|Any CPU
		{17C0D534-9049-4572-9385-863FB2F6F6D5}.Release|Any CPU.Build.0 = Release|Any CPU
		{17C0D534-9049-4572-9385-863FB2F6F6D5}.Release|Mixed Platforms.ActiveCfg = Release|Any CPU
		{17C0D534-9049-4572-9385-863FB2F6F6D5}.Release|Mixed Platforms.Build.0 = Release|Any CPU
		{17C0D534-9049-4572-9385-863FB2F6F6D5}.Release|Win32.ActiveCfg = Release|Any CPU
		{B3512C8F-527E-48CF-BD90-0CA77B8E17B5}.Debug|Any CPU.ActiveCfg = Debug|Any CPU
		{B3512C8F-527E-48CF-BD90-0CA77B8E17B5}.Debug|Any CPU.Build.0 = Debug|Any CPU
		{B3512C8F-527E-48CF-BD90-0CA77B8E17B5}.Debug|Mixed Platforms.ActiveCfg = Debug|Any CPU
		{B3512C8F-527E-48CF-BD90-0CA77B8E17B5}.Debug|Mixed Platforms.Build.0 = Debug|Any CPU
		{B3512C8F-527E-48CF-BD90-0CA77B8E17B5}.Debug|Win32.ActiveCfg = Debug|Any CPU
		{B3512C8F-527E-48CF-BD90-0CA77B8E17B5}.Release|Any CPU.ActiveCfg = Release|Any CPU
		{B3512C8F-527E-48CF-BD90-0CA77B8E17B5}.Release|Any CPU.Build.0 = Release|Any CPU
		{B3512C8F-527E-48CF-BD90-0CA77B8E17B5}.Release|Mixed Platforms.ActiveCfg = Release|Any CPU
		{B3512C8F-527E-48CF-BD90-0CA77B8E17B5}.Release|Mixed Platforms.Build.0 = Release|Any CPU
		{B3512C8F-527E-48CF-BD90-0CA77B8E17B5}.Release|Win32.ActiveCfg = Release|Any CPU
		{0A626603-18B8-41F4-ACFB-0ABE9C4569F5}.Debug|Any CPU.ActiveCfg = Debug|Win32
		{0A626603-18B8-41F4-ACFB-0ABE9C4569F5}.Debug|Mixed Platforms.ActiveCfg = Debug|Win32
		{0A626603-18B8-41F4-ACFB-0ABE9C4569F5}.Debug|Mixed Platforms.Build.0 = Debug|Win32
		{0A626603-18B8-41F4-ACFB-0ABE9C4569F5}.Debug|Win32.ActiveCfg = Debug|Win32
		{0A626603-18B8-41F4-ACFB-0ABE9C4569F5}.Debug|Win32.Build.0 = Debug|Win32
		{0A626603-18B8-41F4-ACFB-0ABE9C4569F5}.Release|Any CPU.ActiveCfg = Release|Win32
		{0A626603-18B8-41F4-ACFB-0ABE9C4569F5}.Release|Mixed Platforms.ActiveCfg = Release|Win32
		{0A626603-18B8-41F4-ACFB-0ABE9C4569F5}.Release|Mixed Platforms.Build.0 = Release|Win32
		{0A626603-18B8-41F4-ACFB-0ABE9C4569F5}.Release|Win32.ActiveCfg = Release|Win32
		{0A626603-18B8-41F4-ACFB-0ABE9C4569F5}.Release|Win32.Build.0 = Release|Win32
		{0EE09A93-C7AC-4FF6-8A0A-159DB963C883}.Debug|Any CPU.ActiveCfg = Debug|Any CPU
		{0EE09A93-C7AC-4FF6-8A0A-159DB963C883}.Debug|Any CPU.Build.0 = Debug|Any CPU
		{0EE09A93-C7AC-4FF6-8A0A-159DB963C883}.Debug|Mixed Platforms.ActiveCfg = Debug|Any CPU
		{0EE09A93-C7AC-4FF6-8A0A-159DB963C883}.Debug|Mixed Platforms.Build.0 = Debug|Any CPU
		{0EE09A93-C7AC-4FF6-8A0A-159DB963C883}.Debug|Win32.ActiveCfg = Debug|Any CPU
		{0EE09A93-C7AC-4FF6-8A0A-159DB963C883}.Release|Any CPU.ActiveCfg = Release|Any CPU
		{0EE09A93-C7AC-4FF6-8A0A-159DB963C883}.Release|Any CPU.Build.0 = Release|Any CPU
		{0EE09A93-C7AC-4FF6-8A0A-159DB963C883}.Release|Mixed Platforms.ActiveCfg = Release|Any CPU
		{0EE09A93-C7AC-4FF6-8A0A-159DB963C883}.Release|Mixed Platforms.Build.0 = Release|Any CPU
		{0EE09A93-C7AC-4FF6-8A0A-159DB963C883}.Release|Win32.ActiveCfg = Release|Any CPU
	EndGlobalSection
	GlobalSection(SolutionProperties) = preSolution
		HideSolutionNode = FALSE
	EndGlobalSection
EndGlobal
