<?xml version="1.0" encoding="utf-8"?>
<Project ToolsVersion="4.0" xmlns="http://schemas.microsoft.com/developer/msbuild/2003">
  <ItemGroup>
    <ClInclude Include="stdafx.h" />
    <ClInclude Include="Cemono.h" />
    <ClInclude Include="Headers\ICemono.h">
      <Filter>Headers</Filter>
    </ClInclude>
    <ClInclude Include="MonoPathUtils.h">
      <Filter>Utils</Filter>
    </ClInclude>
    <ClInclude Include="BaseCemonoClassBinding.h">
      <Filter>Bindings</Filter>
    </ClInclude>
    <ClInclude Include="Headers\ICemonoClassBinding.h">
      <Filter>Headers</Filter>
    </ClInclude>
    <ClInclude Include="LoggingBinding.h">
      <Filter>Bindings</Filter>
    </ClInclude>
    <ClInclude Include="ConsoleBinding.h">
      <Filter>Bindings</Filter>
    </ClInclude>
    <ClInclude Include="EntitySystemBinding.h">
      <Filter>Bindings</Filter>
    </ClInclude>
    <ClInclude Include="MonoClassUtils.h">
      <Filter>Utils</Filter>
    </ClInclude>
    <ClInclude Include="FGPluginManager.h">
      <Filter>FlowSystem</Filter>
    </ClInclude>
    <ClInclude Include="MonoFlowBaseNode.h">
      <Filter>FlowSystem</Filter>
    </ClInclude>
    <ClInclude Include="G2FlowBaseNode.h">
      <Filter>FlowSystem</Filter>
    </ClInclude>
    <ClInclude Include="FlowSystemBinding.h">
      <Filter>Bindings</Filter>
    </ClInclude>
    <ClInclude Include="CemonoEntityClass.h">
      <Filter>Entity</Filter>
    </ClInclude>
    <ClInclude Include="CemonoEntityPropertyHandler.h">
      <Filter>Entity</Filter>
    </ClInclude>
    <ClInclude Include="CemonoEntityEventHandler.h">
      <Filter>Entity</Filter>
    </ClInclude>
    <ClInclude Include="CemonoAssembly.h">
      <Filter>Cemono</Filter>
    </ClInclude>
    <ClInclude Include="CemonoArray.h">
      <Filter>Cemono</Filter>
    </ClInclude>
    <ClInclude Include="CemonoString.h">
      <Filter>Cemono</Filter>
    </ClInclude>
    <ClInclude Include="CemonoObject.h">
      <Filter>Cemono</Filter>
    </ClInclude>
    <ClInclude Include="GameSystemBinding.h">
      <Filter>Bindings</Filter>
    </ClInclude>
    <ClInclude Include="CemonoGameRulesListener.h">
      <Filter>Cemono</Filter>
    </ClInclude>
  </ItemGroup>
  <ItemGroup>
    <ClCompile Include="stdafx.cpp" />
    <ClCompile Include="Cemono.cpp" />
    <ClCompile Include="ConsoleBinding.cpp">
      <Filter>Bindings</Filter>
    </ClCompile>
    <ClCompile Include="EntitySystemBinding.cpp">
      <Filter>Bindings</Filter>
    </ClCompile>
    <ClCompile Include="LoggingBinding.cpp">
      <Filter>Bindings</Filter>
    </ClCompile>
    <ClCompile Include="MonoClassUtils.cpp">
      <Filter>Utils</Filter>
    </ClCompile>
    <ClCompile Include="FGPluginManager.cpp">
      <Filter>FlowSystem</Filter>
    </ClCompile>
    <ClCompile Include="MonoFlowBaseNode.cpp">
      <Filter>FlowSystem</Filter>
    </ClCompile>
    <ClCompile Include="FlowSystemBinding.cpp">
      <Filter>Bindings</Filter>
    </ClCompile>
    <ClCompile Include="CemonoEntityClass.cpp">
      <Filter>Entity</Filter>
    </ClCompile>
    <ClCompile Include="CemonoEntityPropertyHandler.cpp">
      <Filter>Entity</Filter>
    </ClCompile>
    <ClCompile Include="CemonoEntityEventHandler.cpp">
      <Filter>Entity</Filter>
    </ClCompile>
    <ClCompile Include="CemonoAssembly.cpp">
      <Filter>Cemono</Filter>
    </ClCompile>
    <ClCompile Include="CemonoDll.cpp">
      <Filter>Cemono</Filter>
    </ClCompile>
    <ClCompile Include="CemonoObject.cpp">
      <Filter>Cemono</Filter>
    </ClCompile>
    <ClCompile Include="CemonoArray.cpp">
      <Filter>Cemono</Filter>
    </ClCompile>
    <ClCompile Include="GameSystemBinding.cpp">
      <Filter>Bindings</Filter>
    </ClCompile>
    <ClCompile Include="CemonoGameRulesListener.cpp">
      <Filter>Cemono</Filter>
    </ClCompile>
    <ClCompile Include="Tests\CemonoTests.cpp">
      <Filter>Tests</Filter>
    </ClCompile>
  </ItemGroup>
  <ItemGroup>
    <Filter Include="Headers">
      <UniqueIdentifier>{2274758e-72ad-46e0-8409-df6cebf00772}</UniqueIdentifier>
    </Filter>
    <Filter Include="Utils">
      <UniqueIdentifier>{f5895699-5c0e-4777-9f3e-d51287474e8a}</UniqueIdentifier>
    </Filter>
    <Filter Include="lib">
      <UniqueIdentifier>{92453920-6810-4c36-a32a-0895b8bfed66}</UniqueIdentifier>
    </Filter>
    <Filter Include="Bindings">
      <UniqueIdentifier>{b74b7f2e-21ba-41b0-bfc0-0c6746e17f19}</UniqueIdentifier>
    </Filter>
    <Filter Include="FlowSystem">
      <UniqueIdentifier>{bb13a40b-099d-4911-9f4e-f0a9cbf66c4e}</UniqueIdentifier>
    </Filter>
    <Filter Include="Entity">
      <UniqueIdentifier>{1857290e-dd32-4472-8b5c-a022967ef95d}</UniqueIdentifier>
    </Filter>
    <Filter Include="Cemono">
      <UniqueIdentifier>{2de1619b-2f0c-4705-a8e5-59c8778b080d}</UniqueIdentifier>
    </Filter>
    <Filter Include="Tests">
      <UniqueIdentifier>{7b0d13be-5791-4f5d-8b93-fddc270c3af5}</UniqueIdentifier>
    </Filter>
  </ItemGroup>
  <ItemGroup>
    <Library Include="..\..\lib\mono.lib">
      <Filter>lib</Filter>
    </Library>
  </ItemGroup>
</Project>