<?xml version="1.0" encoding="utf-8"?>
<Project ToolsVersion="4.0" xmlns="http://schemas.microsoft.com/developer/msbuild/2003">
  <ItemGroup>
    <ClInclude Include="stdafx.h" />
    <ClInclude Include="Cemono.h" />
    <ClInclude Include="Headers\ICemono.h">
      <Filter>Headers</Filter>
    </ClInclude>
    <ClInclude Include="MonoPathUtils.h">
      <Filter>Utils</Filter>
    </ClInclude>
    <ClInclude Include="BaseCemonoClassBinding.h">
      <Filter>Bindings</Filter>
    </ClInclude>
    <ClInclude Include="Headers\ICemonoClassBinding.h">
      <Filter>Headers</Filter>
    </ClInclude>
    <ClInclude Include="LoggingBinding.h">
      <Filter>Bindings</Filter>
    </ClInclude>
    <ClInclude Include="ConsoleBinding.h">
      <Filter>Bindings</Filter>
    </ClInclude>
    <ClInclude Include="EntitySystemBinding.h">
      <Filter>Bindings</Filter>
    </ClInclude>
    <ClInclude Include="MonoClassUtils.h">
      <Filter>Utils</Filter>
    </ClInclude>
    <ClInclude Include="FGPluginManager.h">
      <Filter>FlowSystem</Filter>
    </ClInclude>
    <ClInclude Include="MonoFlowBaseNode.h">
      <Filter>FlowSystem</Filter>
    </ClInclude>
    <ClInclude Include="G2FlowBaseNode.h">
      <Filter>FlowSystem</Filter>
    </ClInclude>
    <ClInclude Include="FlowSystemBinding.h">
      <Filter>Bindings</Filter>
    </ClInclude>
  </ItemGroup>
  <ItemGroup>
    <ClCompile Include="stdafx.cpp" />
    <ClCompile Include="Cemono.cpp" />
    <ClCompile Include="CemonoDll.cpp" />
    <ClCompile Include="ConsoleBinding.cpp">
      <Filter>Bindings</Filter>
    </ClCompile>
    <ClCompile Include="EntitySystemBinding.cpp">
      <Filter>Bindings</Filter>
    </ClCompile>
    <ClCompile Include="LoggingBinding.cpp">
      <Filter>Bindings</Filter>
    </ClCompile>
    <ClCompile Include="MonoClassUtils.cpp">
      <Filter>Utils</Filter>
    </ClCompile>
    <ClCompile Include="FGPluginManager.cpp">
      <Filter>FlowSystem</Filter>
    </ClCompile>
    <ClCompile Include="MonoFlowBaseNode.cpp">
      <Filter>FlowSystem</Filter>
    </ClCompile>
    <ClCompile Include="FlowSystemBinding.cpp">
      <Filter>Bindings</Filter>
    </ClCompile>
  </ItemGroup>
  <ItemGroup>
    <Filter Include="Headers">
      <UniqueIdentifier>{2274758e-72ad-46e0-8409-df6cebf00772}</UniqueIdentifier>
    </Filter>
    <Filter Include="Utils">
      <UniqueIdentifier>{f5895699-5c0e-4777-9f3e-d51287474e8a}</UniqueIdentifier>
    </Filter>
    <Filter Include="lib">
      <UniqueIdentifier>{92453920-6810-4c36-a32a-0895b8bfed66}</UniqueIdentifier>
    </Filter>
    <Filter Include="Bindings">
      <UniqueIdentifier>{b74b7f2e-21ba-41b0-bfc0-0c6746e17f19}</UniqueIdentifier>
    </Filter>
    <Filter Include="FlowSystem">
      <UniqueIdentifier>{bb13a40b-099d-4911-9f4e-f0a9cbf66c4e}</UniqueIdentifier>
    </Filter>
  </ItemGroup>
  <ItemGroup>
    <Library Include="..\..\lib\mono.lib">
      <Filter>lib</Filter>
    </Library>
  </ItemGroup>
</Project>